// !$*UTF8*$!
{
	archiveVersion = 1;
	classes = {
	};
	objectVersion = 48;
	objects = {

/* Begin PBXBuildFile section */
		307F57D9EB4892541C9518F3 /* libPods-daily.a in Frameworks */ = {isa = PBXBuildFile; fileRef = 85E1EF3D37398E894A2D0E99 /* libPods-daily.a */; };
		DA04C18820A52BD700DA4233 /* AppDelegate.m in Sources */ = {isa = PBXBuildFile; fileRef = DA04C18720A52BD700DA4233 /* AppDelegate.m */; };
		DA04C19320A52BD700DA4233 /* Assets.xcassets in Resources */ = {isa = PBXBuildFile; fileRef = DA04C19220A52BD700DA4233 /* Assets.xcassets */; };
		DA04C19620A52BD700DA4233 /* LaunchScreen.storyboard in Resources */ = {isa = PBXBuildFile; fileRef = DA04C19420A52BD700DA4233 /* LaunchScreen.storyboard */; };
		DA04C19920A52BD700DA4233 /* main.m in Sources */ = {isa = PBXBuildFile; fileRef = DA04C19820A52BD700DA4233 /* main.m */; };
		DA04C1A320A52BD700DA4233 /* dailyTests.m in Sources */ = {isa = PBXBuildFile; fileRef = DA04C1A220A52BD700DA4233 /* dailyTests.m */; };
		DA04C1AE20A52BD800DA4233 /* dailyUITests.m in Sources */ = {isa = PBXBuildFile; fileRef = DA04C1AD20A52BD800DA4233 /* dailyUITests.m */; };
		DA50316A20A5847800259959 /* DCTabbarViewController.m in Sources */ = {isa = PBXBuildFile; fileRef = DA50316920A5847800259959 /* DCTabbarViewController.m */; };
		DA50316E20A588B500259959 /* DCCoalSplitViewController.m in Sources */ = {isa = PBXBuildFile; fileRef = DA50316D20A588B500259959 /* DCCoalSplitViewController.m */; };
		DA50317220A58B3600259959 /* DCLimeSplitViewController.m in Sources */ = {isa = PBXBuildFile; fileRef = DA50317120A58B3600259959 /* DCLimeSplitViewController.m */; };
		DA50317520A58B9000259959 /* DCCoalMenuViewController.m in Sources */ = {isa = PBXBuildFile; fileRef = DA50317420A58B9000259959 /* DCCoalMenuViewController.m */; };
		DA50317820A590E000259959 /* DCLimeMenuViewController.m in Sources */ = {isa = PBXBuildFile; fileRef = DA50317720A590E000259959 /* DCLimeMenuViewController.m */; };
		DA50317C20A59E9400259959 /* DCConstant.m in Sources */ = {isa = PBXBuildFile; fileRef = DA50317B20A59E9400259959 /* DCConstant.m */; };
		DA50318020A5A06800259959 /* UIColor+DC.m in Sources */ = {isa = PBXBuildFile; fileRef = DA50317F20A5A06800259959 /* UIColor+DC.m */; };
		DAB75CDC20A94648007F7DA2 /* UINavigationItem+DC.m in Sources */ = {isa = PBXBuildFile; fileRef = DAB75CDB20A94648007F7DA2 /* UINavigationItem+DC.m */; };
		DAB75CDF20A96FA0007F7DA2 /* DCColaDailyUseViewController.m in Sources */ = {isa = PBXBuildFile; fileRef = DAB75CDE20A96FA0007F7DA2 /* DCColaDailyUseViewController.m */; };
		DAB75CE320A972B5007F7DA2 /* DCBaseSplitViewController.m in Sources */ = {isa = PBXBuildFile; fileRef = DAB75CE220A972B5007F7DA2 /* DCBaseSplitViewController.m */; };
		DAB75CEA20A999BE007F7DA2 /* BuyCoalEntity.m in Sources */ = {isa = PBXBuildFile; fileRef = DAB75CE920A999BE007F7DA2 /* BuyCoalEntity.m */; };
		DAB75CED20A99AA6007F7DA2 /* UseCoalEntity.m in Sources */ = {isa = PBXBuildFile; fileRef = DAB75CEC20A99AA6007F7DA2 /* UseCoalEntity.m */; };
		DAB75CF020A99AE9007F7DA2 /* SellLimeEntity.m in Sources */ = {isa = PBXBuildFile; fileRef = DAB75CEF20A99AE9007F7DA2 /* SellLimeEntity.m */; };
		DAB75CF320A99D00007F7DA2 /* StoreLimeEntity.m in Sources */ = {isa = PBXBuildFile; fileRef = DAB75CF220A99D00007F7DA2 /* StoreLimeEntity.m */; };
		DAB75CF620A99EF9007F7DA2 /* Model.xcdatamodeld in Sources */ = {isa = PBXBuildFile; fileRef = DAB75CF420A99EF9007F7DA2 /* Model.xcdatamodeld */; };
		DAB75D3E20A9A65C007F7DA2 /* BuyCoalEntityModel.m in Sources */ = {isa = PBXBuildFile; fileRef = DAB75D3D20A9A65C007F7DA2 /* BuyCoalEntityModel.m */; };
		DAD71B6220AA7697007C56A7 /* DCCoreDataManager.m in Sources */ = {isa = PBXBuildFile; fileRef = DAD71B6120AA7697007C56A7 /* DCCoreDataManager.m */; };
		DAD71B6520AAA9D4007C56A7 /* NSManagedObject+DC.m in Sources */ = {isa = PBXBuildFile; fileRef = DAD71B6420AAA9D4007C56A7 /* NSManagedObject+DC.m */; };
		DAD71B7920AACF73007C56A7 /* UIAlertController+DC.m in Sources */ = {isa = PBXBuildFile; fileRef = DAD71B7820AACF73007C56A7 /* UIAlertController+DC.m */; };
/* End PBXBuildFile section */

/* Begin PBXBuildRule section */
		DAB75CF920A9A373007F7DA2 /* PBXBuildRule */ = {
			isa = PBXBuildRule;
			compilerSpec = com.apple.compilers.proxy.script;
			fileType = sourcecode.swift;
			isEditable = 1;
			outputFiles = (
			);
			script = "# $(SWIFT_EXEC)\n";
		};
/* End PBXBuildRule section */

/* Begin PBXContainerItemProxy section */
		DA04C19F20A52BD700DA4233 /* PBXContainerItemProxy */ = {
			isa = PBXContainerItemProxy;
			containerPortal = DA04C17B20A52BD700DA4233 /* Project object */;
			proxyType = 1;
			remoteGlobalIDString = DA04C18220A52BD700DA4233;
			remoteInfo = daily;
		};
		DA04C1AA20A52BD800DA4233 /* PBXContainerItemProxy */ = {
			isa = PBXContainerItemProxy;
			containerPortal = DA04C17B20A52BD700DA4233 /* Project object */;
			proxyType = 1;
			remoteGlobalIDString = DA04C18220A52BD700DA4233;
			remoteInfo = daily;
		};
/* End PBXContainerItemProxy section */

/* Begin PBXFileReference section */
		0F000AE1E9B14D68722DF093 /* Pods-daily.debug.xcconfig */ = {isa = PBXFileReference; includeInIndex = 1; lastKnownFileType = text.xcconfig; name = "Pods-daily.debug.xcconfig"; path = "Pods/Target Support Files/Pods-daily/Pods-daily.debug.xcconfig"; sourceTree = "<group>"; };
		85E1EF3D37398E894A2D0E99 /* libPods-daily.a */ = {isa = PBXFileReference; explicitFileType = archive.ar; includeInIndex = 0; path = "libPods-daily.a"; sourceTree = BUILT_PRODUCTS_DIR; };
		8CD7F6DA6F7EE25A650084CB /* Pods-daily.release.xcconfig */ = {isa = PBXFileReference; includeInIndex = 1; lastKnownFileType = text.xcconfig; name = "Pods-daily.release.xcconfig"; path = "Pods/Target Support Files/Pods-daily/Pods-daily.release.xcconfig"; sourceTree = "<group>"; };
		DA04C18320A52BD700DA4233 /* daily.app */ = {isa = PBXFileReference; explicitFileType = wrapper.application; includeInIndex = 0; path = daily.app; sourceTree = BUILT_PRODUCTS_DIR; };
		DA04C18620A52BD700DA4233 /* AppDelegate.h */ = {isa = PBXFileReference; lastKnownFileType = sourcecode.c.h; path = AppDelegate.h; sourceTree = "<group>"; };
		DA04C18720A52BD700DA4233 /* AppDelegate.m */ = {isa = PBXFileReference; lastKnownFileType = sourcecode.c.objc; path = AppDelegate.m; sourceTree = "<group>"; };
		DA04C19220A52BD700DA4233 /* Assets.xcassets */ = {isa = PBXFileReference; lastKnownFileType = folder.assetcatalog; path = Assets.xcassets; sourceTree = "<group>"; };
		DA04C19520A52BD700DA4233 /* Base */ = {isa = PBXFileReference; lastKnownFileType = file.storyboard; name = Base; path = Base.lproj/LaunchScreen.storyboard; sourceTree = "<group>"; };
		DA04C19720A52BD700DA4233 /* Info.plist */ = {isa = PBXFileReference; lastKnownFileType = text.plist.xml; path = Info.plist; sourceTree = "<group>"; };
		DA04C19820A52BD700DA4233 /* main.m */ = {isa = PBXFileReference; lastKnownFileType = sourcecode.c.objc; path = main.m; sourceTree = "<group>"; };
		DA04C19E20A52BD700DA4233 /* dailyTests.xctest */ = {isa = PBXFileReference; explicitFileType = wrapper.cfbundle; includeInIndex = 0; path = dailyTests.xctest; sourceTree = BUILT_PRODUCTS_DIR; };
		DA04C1A220A52BD700DA4233 /* dailyTests.m */ = {isa = PBXFileReference; lastKnownFileType = sourcecode.c.objc; path = dailyTests.m; sourceTree = "<group>"; };
		DA04C1A420A52BD700DA4233 /* Info.plist */ = {isa = PBXFileReference; lastKnownFileType = text.plist.xml; path = Info.plist; sourceTree = "<group>"; };
		DA04C1A920A52BD800DA4233 /* dailyUITests.xctest */ = {isa = PBXFileReference; explicitFileType = wrapper.cfbundle; includeInIndex = 0; path = dailyUITests.xctest; sourceTree = BUILT_PRODUCTS_DIR; };
		DA04C1AD20A52BD800DA4233 /* dailyUITests.m */ = {isa = PBXFileReference; lastKnownFileType = sourcecode.c.objc; path = dailyUITests.m; sourceTree = "<group>"; };
		DA04C1AF20A52BD800DA4233 /* Info.plist */ = {isa = PBXFileReference; lastKnownFileType = text.plist.xml; path = Info.plist; sourceTree = "<group>"; };
		DA50316820A5847800259959 /* DCTabbarViewController.h */ = {isa = PBXFileReference; lastKnownFileType = sourcecode.c.h; path = DCTabbarViewController.h; sourceTree = "<group>"; };
		DA50316920A5847800259959 /* DCTabbarViewController.m */ = {isa = PBXFileReference; lastKnownFileType = sourcecode.c.objc; path = DCTabbarViewController.m; sourceTree = "<group>"; };
		DA50316C20A588B500259959 /* DCCoalSplitViewController.h */ = {isa = PBXFileReference; lastKnownFileType = sourcecode.c.h; path = DCCoalSplitViewController.h; sourceTree = "<group>"; };
		DA50316D20A588B500259959 /* DCCoalSplitViewController.m */ = {isa = PBXFileReference; lastKnownFileType = sourcecode.c.objc; path = DCCoalSplitViewController.m; sourceTree = "<group>"; };
		DA50317020A58B3600259959 /* DCLimeSplitViewController.h */ = {isa = PBXFileReference; lastKnownFileType = sourcecode.c.h; path = DCLimeSplitViewController.h; sourceTree = "<group>"; };
		DA50317120A58B3600259959 /* DCLimeSplitViewController.m */ = {isa = PBXFileReference; lastKnownFileType = sourcecode.c.objc; path = DCLimeSplitViewController.m; sourceTree = "<group>"; };
		DA50317320A58B9000259959 /* DCCoalMenuViewController.h */ = {isa = PBXFileReference; lastKnownFileType = sourcecode.c.h; path = DCCoalMenuViewController.h; sourceTree = "<group>"; };
		DA50317420A58B9000259959 /* DCCoalMenuViewController.m */ = {isa = PBXFileReference; lastKnownFileType = sourcecode.c.objc; path = DCCoalMenuViewController.m; sourceTree = "<group>"; };
		DA50317620A590E000259959 /* DCLimeMenuViewController.h */ = {isa = PBXFileReference; lastKnownFileType = sourcecode.c.h; path = DCLimeMenuViewController.h; sourceTree = "<group>"; };
		DA50317720A590E000259959 /* DCLimeMenuViewController.m */ = {isa = PBXFileReference; lastKnownFileType = sourcecode.c.objc; path = DCLimeMenuViewController.m; sourceTree = "<group>"; };
		DA50317A20A59E9400259959 /* DCConstant.h */ = {isa = PBXFileReference; lastKnownFileType = sourcecode.c.h; path = DCConstant.h; sourceTree = "<group>"; };
		DA50317B20A59E9400259959 /* DCConstant.m */ = {isa = PBXFileReference; lastKnownFileType = sourcecode.c.objc; path = DCConstant.m; sourceTree = "<group>"; };
		DA50317E20A5A06800259959 /* UIColor+DC.h */ = {isa = PBXFileReference; lastKnownFileType = sourcecode.c.h; path = "UIColor+DC.h"; sourceTree = "<group>"; };
		DA50317F20A5A06800259959 /* UIColor+DC.m */ = {isa = PBXFileReference; lastKnownFileType = sourcecode.c.objc; path = "UIColor+DC.m"; sourceTree = "<group>"; };
		DAB75CD920A93CA1007F7DA2 /* PrefixHeader.pch */ = {isa = PBXFileReference; lastKnownFileType = sourcecode.c.h; path = PrefixHeader.pch; sourceTree = "<group>"; };
		DAB75CDA20A94648007F7DA2 /* UINavigationItem+DC.h */ = {isa = PBXFileReference; lastKnownFileType = sourcecode.c.h; path = "UINavigationItem+DC.h"; sourceTree = "<group>"; };
		DAB75CDB20A94648007F7DA2 /* UINavigationItem+DC.m */ = {isa = PBXFileReference; lastKnownFileType = sourcecode.c.objc; path = "UINavigationItem+DC.m"; sourceTree = "<group>"; };
		DAB75CDD20A96FA0007F7DA2 /* DCColaDailyUseViewController.h */ = {isa = PBXFileReference; lastKnownFileType = sourcecode.c.h; path = DCColaDailyUseViewController.h; sourceTree = "<group>"; };
		DAB75CDE20A96FA0007F7DA2 /* DCColaDailyUseViewController.m */ = {isa = PBXFileReference; lastKnownFileType = sourcecode.c.objc; path = DCColaDailyUseViewController.m; sourceTree = "<group>"; };
		DAB75CE120A972B5007F7DA2 /* DCBaseSplitViewController.h */ = {isa = PBXFileReference; lastKnownFileType = sourcecode.c.h; path = DCBaseSplitViewController.h; sourceTree = "<group>"; };
		DAB75CE220A972B5007F7DA2 /* DCBaseSplitViewController.m */ = {isa = PBXFileReference; lastKnownFileType = sourcecode.c.objc; path = DCBaseSplitViewController.m; sourceTree = "<group>"; };
		DAB75CE820A999BE007F7DA2 /* BuyCoalEntity.h */ = {isa = PBXFileReference; lastKnownFileType = sourcecode.c.h; path = BuyCoalEntity.h; sourceTree = "<group>"; };
		DAB75CE920A999BE007F7DA2 /* BuyCoalEntity.m */ = {isa = PBXFileReference; lastKnownFileType = sourcecode.c.objc; path = BuyCoalEntity.m; sourceTree = "<group>"; };
		DAB75CEB20A99AA6007F7DA2 /* UseCoalEntity.h */ = {isa = PBXFileReference; lastKnownFileType = sourcecode.c.h; path = UseCoalEntity.h; sourceTree = "<group>"; };
		DAB75CEC20A99AA6007F7DA2 /* UseCoalEntity.m */ = {isa = PBXFileReference; lastKnownFileType = sourcecode.c.objc; path = UseCoalEntity.m; sourceTree = "<group>"; };
		DAB75CEE20A99AE9007F7DA2 /* SellLimeEntity.h */ = {isa = PBXFileReference; lastKnownFileType = sourcecode.c.h; path = SellLimeEntity.h; sourceTree = "<group>"; };
		DAB75CEF20A99AE9007F7DA2 /* SellLimeEntity.m */ = {isa = PBXFileReference; lastKnownFileType = sourcecode.c.objc; path = SellLimeEntity.m; sourceTree = "<group>"; };
		DAB75CF120A99D00007F7DA2 /* StoreLimeEntity.h */ = {isa = PBXFileReference; lastKnownFileType = sourcecode.c.h; path = StoreLimeEntity.h; sourceTree = "<group>"; };
		DAB75CF220A99D00007F7DA2 /* StoreLimeEntity.m */ = {isa = PBXFileReference; lastKnownFileType = sourcecode.c.objc; path = StoreLimeEntity.m; sourceTree = "<group>"; };
		DAB75CF520A99EF9007F7DA2 /* Model.xcdatamodel */ = {isa = PBXFileReference; lastKnownFileType = wrapper.xcdatamodel; path = Model.xcdatamodel; sourceTree = "<group>"; };
		DAB75D3C20A9A65C007F7DA2 /* BuyCoalEntityModel.h */ = {isa = PBXFileReference; lastKnownFileType = sourcecode.c.h; path = BuyCoalEntityModel.h; sourceTree = "<group>"; };
		DAB75D3D20A9A65C007F7DA2 /* BuyCoalEntityModel.m */ = {isa = PBXFileReference; lastKnownFileType = sourcecode.c.objc; path = BuyCoalEntityModel.m; sourceTree = "<group>"; };
		DAD71B6020AA7697007C56A7 /* DCCoreDataManager.h */ = {isa = PBXFileReference; lastKnownFileType = sourcecode.c.h; path = DCCoreDataManager.h; sourceTree = "<group>"; };
		DAD71B6120AA7697007C56A7 /* DCCoreDataManager.m */ = {isa = PBXFileReference; lastKnownFileType = sourcecode.c.objc; path = DCCoreDataManager.m; sourceTree = "<group>"; };
		DAD71B6320AAA9D4007C56A7 /* NSManagedObject+DC.h */ = {isa = PBXFileReference; lastKnownFileType = sourcecode.c.h; path = "NSManagedObject+DC.h"; sourceTree = "<group>"; };
		DAD71B6420AAA9D4007C56A7 /* NSManagedObject+DC.m */ = {isa = PBXFileReference; lastKnownFileType = sourcecode.c.objc; path = "NSManagedObject+DC.m"; sourceTree = "<group>"; };
		DAD71B7720AACF73007C56A7 /* UIAlertController+DC.h */ = {isa = PBXFileReference; lastKnownFileType = sourcecode.c.h; path = "UIAlertController+DC.h"; sourceTree = "<group>"; };
		DAD71B7820AACF73007C56A7 /* UIAlertController+DC.m */ = {isa = PBXFileReference; lastKnownFileType = sourcecode.c.objc; path = "UIAlertController+DC.m"; sourceTree = "<group>"; };
/* End PBXFileReference section */

/* Begin PBXFrameworksBuildPhase section */
		DA04C18020A52BD700DA4233 /* Frameworks */ = {
			isa = PBXFrameworksBuildPhase;
			buildActionMask = 2147483647;
			files = (
				307F57D9EB4892541C9518F3 /* libPods-daily.a in Frameworks */,
			);
			runOnlyForDeploymentPostprocessing = 0;
		};
		DA04C19B20A52BD700DA4233 /* Frameworks */ = {
			isa = PBXFrameworksBuildPhase;
			buildActionMask = 2147483647;
			files = (
			);
			runOnlyForDeploymentPostprocessing = 0;
		};
		DA04C1A620A52BD800DA4233 /* Frameworks */ = {
			isa = PBXFrameworksBuildPhase;
			buildActionMask = 2147483647;
			files = (
			);
			runOnlyForDeploymentPostprocessing = 0;
		};
/* End PBXFrameworksBuildPhase section */

/* Begin PBXGroup section */
		188B6C2CB275D6AE50722C39 /* Pods */ = {
			isa = PBXGroup;
			children = (
				0F000AE1E9B14D68722DF093 /* Pods-daily.debug.xcconfig */,
				8CD7F6DA6F7EE25A650084CB /* Pods-daily.release.xcconfig */,
			);
			name = Pods;
			sourceTree = "<group>";
		};
		710CBD7B70C7DC49C2667CA0 /* Frameworks */ = {
			isa = PBXGroup;
			children = (
				85E1EF3D37398E894A2D0E99 /* libPods-daily.a */,
			);
			name = Frameworks;
			sourceTree = "<group>";
		};
		DA04C17A20A52BD700DA4233 = {
			isa = PBXGroup;
			children = (
				DA04C18520A52BD700DA4233 /* daily */,
				DA04C1A120A52BD700DA4233 /* dailyTests */,
				DA04C1AC20A52BD800DA4233 /* dailyUITests */,
				DA04C18420A52BD700DA4233 /* Products */,
				188B6C2CB275D6AE50722C39 /* Pods */,
				710CBD7B70C7DC49C2667CA0 /* Frameworks */,
			);
			sourceTree = "<group>";
		};
		DA04C18420A52BD700DA4233 /* Products */ = {
			isa = PBXGroup;
			children = (
				DA04C18320A52BD700DA4233 /* daily.app */,
				DA04C19E20A52BD700DA4233 /* dailyTests.xctest */,
				DA04C1A920A52BD800DA4233 /* dailyUITests.xctest */,
			);
			name = Products;
			sourceTree = "<group>";
		};
		DA04C18520A52BD700DA4233 /* daily */ = {
			isa = PBXGroup;
			children = (
				DAD71B5E20AA75D8007C56A7 /* Manager */,
				DAB75CFA20A9A392007F7DA2 /* CoreData */,
				DA50317D20A5A00100259959 /* Component */,
				DA50317920A59E5700259959 /* Common */,
				DAB75CE420A9944D007F7DA2 /* Model */,
				DA50316620A583B800259959 /* Modules */,
				DA04C18620A52BD700DA4233 /* AppDelegate.h */,
				DA04C18720A52BD700DA4233 /* AppDelegate.m */,
				DA04C19220A52BD700DA4233 /* Assets.xcassets */,
				DAB75CD920A93CA1007F7DA2 /* PrefixHeader.pch */,
				DA04C19420A52BD700DA4233 /* LaunchScreen.storyboard */,
				DA04C19720A52BD700DA4233 /* Info.plist */,
				DA04C19820A52BD700DA4233 /* main.m */,
			);
			path = daily;
			sourceTree = "<group>";
		};
		DA04C1A120A52BD700DA4233 /* dailyTests */ = {
			isa = PBXGroup;
			children = (
				DA04C1A220A52BD700DA4233 /* dailyTests.m */,
				DA04C1A420A52BD700DA4233 /* Info.plist */,
			);
			path = dailyTests;
			sourceTree = "<group>";
		};
		DA04C1AC20A52BD800DA4233 /* dailyUITests */ = {
			isa = PBXGroup;
			children = (
				DA04C1AD20A52BD800DA4233 /* dailyUITests.m */,
				DA04C1AF20A52BD800DA4233 /* Info.plist */,
			);
			path = dailyUITests;
			sourceTree = "<group>";
		};
		DA50316620A583B800259959 /* Modules */ = {
			isa = PBXGroup;
			children = (
				DAB75CE020A9728E007F7DA2 /* Base */,
				DA50316F20A58AAF00259959 /* Lime */,
				DA50316B20A587C200259959 /* Coal */,
				DA50316720A583F600259959 /* Tabbar */,
			);
			path = Modules;
			sourceTree = "<group>";
		};
		DA50316720A583F600259959 /* Tabbar */ = {
			isa = PBXGroup;
			children = (
				DA50316820A5847800259959 /* DCTabbarViewController.h */,
				DA50316920A5847800259959 /* DCTabbarViewController.m */,
			);
			path = Tabbar;
			sourceTree = "<group>";
		};
		DA50316B20A587C200259959 /* Coal */ = {
			isa = PBXGroup;
			children = (
				DA50316C20A588B500259959 /* DCCoalSplitViewController.h */,
				DA50316D20A588B500259959 /* DCCoalSplitViewController.m */,
				DA50317320A58B9000259959 /* DCCoalMenuViewController.h */,
				DA50317420A58B9000259959 /* DCCoalMenuViewController.m */,
				DAB75CDD20A96FA0007F7DA2 /* DCColaDailyUseViewController.h */,
				DAB75CDE20A96FA0007F7DA2 /* DCColaDailyUseViewController.m */,
			);
			path = Coal;
			sourceTree = "<group>";
		};
		DA50316F20A58AAF00259959 /* Lime */ = {
			isa = PBXGroup;
			children = (
				DA50317020A58B3600259959 /* DCLimeSplitViewController.h */,
				DA50317120A58B3600259959 /* DCLimeSplitViewController.m */,
				DA50317620A590E000259959 /* DCLimeMenuViewController.h */,
				DA50317720A590E000259959 /* DCLimeMenuViewController.m */,
			);
			path = Lime;
			sourceTree = "<group>";
		};
		DA50317920A59E5700259959 /* Common */ = {
			isa = PBXGroup;
			children = (
				DA50317A20A59E9400259959 /* DCConstant.h */,
				DA50317B20A59E9400259959 /* DCConstant.m */,
			);
			path = Common;
			sourceTree = "<group>";
		};
		DA50317D20A5A00100259959 /* Component */ = {
			isa = PBXGroup;
			children = (
				DA50317E20A5A06800259959 /* UIColor+DC.h */,
				DA50317F20A5A06800259959 /* UIColor+DC.m */,
				DAB75CDA20A94648007F7DA2 /* UINavigationItem+DC.h */,
				DAB75CDB20A94648007F7DA2 /* UINavigationItem+DC.m */,
				DAD71B7720AACF73007C56A7 /* UIAlertController+DC.h */,
				DAD71B7820AACF73007C56A7 /* UIAlertController+DC.m */,
			);
			path = Component;
			sourceTree = "<group>";
		};
		DAB75CE020A9728E007F7DA2 /* Base */ = {
			isa = PBXGroup;
			children = (
				DAB75CE120A972B5007F7DA2 /* DCBaseSplitViewController.h */,
				DAB75CE220A972B5007F7DA2 /* DCBaseSplitViewController.m */,
			);
			path = Base;
			sourceTree = "<group>";
		};
		DAB75CE420A9944D007F7DA2 /* Model */ = {
			isa = PBXGroup;
			children = (
				DAB75CE820A999BE007F7DA2 /* BuyCoalEntity.h */,
				DAB75CE920A999BE007F7DA2 /* BuyCoalEntity.m */,
				DAB75CEB20A99AA6007F7DA2 /* UseCoalEntity.h */,
				DAB75CEC20A99AA6007F7DA2 /* UseCoalEntity.m */,
				DAB75CEE20A99AE9007F7DA2 /* SellLimeEntity.h */,
				DAB75CEF20A99AE9007F7DA2 /* SellLimeEntity.m */,
				DAB75CF120A99D00007F7DA2 /* StoreLimeEntity.h */,
				DAB75CF220A99D00007F7DA2 /* StoreLimeEntity.m */,
			);
			path = Model;
			sourceTree = "<group>";
		};
		DAB75CFA20A9A392007F7DA2 /* CoreData */ = {
			isa = PBXGroup;
			children = (
				DAB75CF420A99EF9007F7DA2 /* Model.xcdatamodeld */,
				DAB75D3C20A9A65C007F7DA2 /* BuyCoalEntityModel.h */,
				DAB75D3D20A9A65C007F7DA2 /* BuyCoalEntityModel.m */,
			);
			path = CoreData;
			sourceTree = "<group>";
		};
		DAD71B5E20AA75D8007C56A7 /* Manager */ = {
			isa = PBXGroup;
			children = (
				DAD71B5F20AA75E1007C56A7 /* CoreDataManager */,
			);
			path = Manager;
			sourceTree = "<group>";
		};
		DAD71B5F20AA75E1007C56A7 /* CoreDataManager */ = {
			isa = PBXGroup;
			children = (
				DAD71B6020AA7697007C56A7 /* DCCoreDataManager.h */,
				DAD71B6120AA7697007C56A7 /* DCCoreDataManager.m */,
				DAD71B6320AAA9D4007C56A7 /* NSManagedObject+DC.h */,
				DAD71B6420AAA9D4007C56A7 /* NSManagedObject+DC.m */,
			);
			path = CoreDataManager;
			sourceTree = "<group>";
		};
/* End PBXGroup section */

/* Begin PBXNativeTarget section */
		DA04C18220A52BD700DA4233 /* daily */ = {
			isa = PBXNativeTarget;
			buildConfigurationList = DA04C1B220A52BD800DA4233 /* Build configuration list for PBXNativeTarget "daily" */;
			buildPhases = (
				31144AD889415AE50E328C7D /* [CP] Check Pods Manifest.lock */,
				DA04C17F20A52BD700DA4233 /* Sources */,
				DA04C18020A52BD700DA4233 /* Frameworks */,
				DA04C18120A52BD700DA4233 /* Resources */,
				52E837C3C5445454272BC781 /* [CP] Embed Pods Frameworks */,
				C8447F6C0522CB08809C5727 /* [CP] Copy Pods Resources */,
			);
			buildRules = (
				DAB75CF920A9A373007F7DA2 /* PBXBuildRule */,
			);
			dependencies = (
			);
			name = daily;
			productName = daily;
			productReference = DA04C18320A52BD700DA4233 /* daily.app */;
			productType = "com.apple.product-type.application";
		};
		DA04C19D20A52BD700DA4233 /* dailyTests */ = {
			isa = PBXNativeTarget;
			buildConfigurationList = DA04C1B520A52BD800DA4233 /* Build configuration list for PBXNativeTarget "dailyTests" */;
			buildPhases = (
				DA04C19A20A52BD700DA4233 /* Sources */,
				DA04C19B20A52BD700DA4233 /* Frameworks */,
				DA04C19C20A52BD700DA4233 /* Resources */,
			);
			buildRules = (
			);
			dependencies = (
				DA04C1A020A52BD700DA4233 /* PBXTargetDependency */,
			);
			name = dailyTests;
			productName = dailyTests;
			productReference = DA04C19E20A52BD700DA4233 /* dailyTests.xctest */;
			productType = "com.apple.product-type.bundle.unit-test";
		};
		DA04C1A820A52BD800DA4233 /* dailyUITests */ = {
			isa = PBXNativeTarget;
			buildConfigurationList = DA04C1B820A52BD800DA4233 /* Build configuration list for PBXNativeTarget "dailyUITests" */;
			buildPhases = (
				DA04C1A520A52BD800DA4233 /* Sources */,
				DA04C1A620A52BD800DA4233 /* Frameworks */,
				DA04C1A720A52BD800DA4233 /* Resources */,
			);
			buildRules = (
			);
			dependencies = (
				DA04C1AB20A52BD800DA4233 /* PBXTargetDependency */,
			);
			name = dailyUITests;
			productName = dailyUITests;
			productReference = DA04C1A920A52BD800DA4233 /* dailyUITests.xctest */;
			productType = "com.apple.product-type.bundle.ui-testing";
		};
/* End PBXNativeTarget section */

/* Begin PBXProject section */
		DA04C17B20A52BD700DA4233 /* Project object */ = {
			isa = PBXProject;
			attributes = {
				LastUpgradeCheck = 0920;
				ORGANIZATIONNAME = Justek;
				TargetAttributes = {
					DA04C18220A52BD700DA4233 = {
						CreatedOnToolsVersion = 9.2;
						ProvisioningStyle = Automatic;
					};
					DA04C19D20A52BD700DA4233 = {
						CreatedOnToolsVersion = 9.2;
						ProvisioningStyle = Automatic;
						TestTargetID = DA04C18220A52BD700DA4233;
					};
					DA04C1A820A52BD800DA4233 = {
						CreatedOnToolsVersion = 9.2;
						ProvisioningStyle = Automatic;
						TestTargetID = DA04C18220A52BD700DA4233;
					};
				};
			};
			buildConfigurationList = DA04C17E20A52BD700DA4233 /* Build configuration list for PBXProject "daily" */;
			compatibilityVersion = "Xcode 8.0";
			developmentRegion = en;
			hasScannedForEncodings = 0;
			knownRegions = (
				en,
				Base,
			);
			mainGroup = DA04C17A20A52BD700DA4233;
			productRefGroup = DA04C18420A52BD700DA4233 /* Products */;
			projectDirPath = "";
			projectRoot = "";
			targets = (
				DA04C18220A52BD700DA4233 /* daily */,
				DA04C19D20A52BD700DA4233 /* dailyTests */,
				DA04C1A820A52BD800DA4233 /* dailyUITests */,
			);
		};
/* End PBXProject section */

/* Begin PBXResourcesBuildPhase section */
		DA04C18120A52BD700DA4233 /* Resources */ = {
			isa = PBXResourcesBuildPhase;
			buildActionMask = 2147483647;
			files = (
				DA04C19620A52BD700DA4233 /* LaunchScreen.storyboard in Resources */,
				DA04C19320A52BD700DA4233 /* Assets.xcassets in Resources */,
			);
			runOnlyForDeploymentPostprocessing = 0;
		};
		DA04C19C20A52BD700DA4233 /* Resources */ = {
			isa = PBXResourcesBuildPhase;
			buildActionMask = 2147483647;
			files = (
			);
			runOnlyForDeploymentPostprocessing = 0;
		};
		DA04C1A720A52BD800DA4233 /* Resources */ = {
			isa = PBXResourcesBuildPhase;
			buildActionMask = 2147483647;
			files = (
			);
			runOnlyForDeploymentPostprocessing = 0;
		};
/* End PBXResourcesBuildPhase section */

/* Begin PBXShellScriptBuildPhase section */
		31144AD889415AE50E328C7D /* [CP] Check Pods Manifest.lock */ = {
			isa = PBXShellScriptBuildPhase;
			buildActionMask = 2147483647;
			files = (
			);
			inputPaths = (
			);
			name = "[CP] Check Pods Manifest.lock";
			outputPaths = (
			);
			runOnlyForDeploymentPostprocessing = 0;
			shellPath = /bin/sh;
			shellScript = "diff \"${PODS_ROOT}/../Podfile.lock\" \"${PODS_ROOT}/Manifest.lock\" > /dev/null\nif [ $? != 0 ] ; then\n    # print error to STDERR\n    echo \"error: The sandbox is not in sync with the Podfile.lock. Run 'pod install' or update your CocoaPods installation.\" >&2\n    exit 1\nfi\n";
			showEnvVarsInLog = 0;
		};
		52E837C3C5445454272BC781 /* [CP] Embed Pods Frameworks */ = {
			isa = PBXShellScriptBuildPhase;
			buildActionMask = 2147483647;
			files = (
			);
			inputPaths = (
			);
			name = "[CP] Embed Pods Frameworks";
			outputPaths = (
			);
			runOnlyForDeploymentPostprocessing = 0;
			shellPath = /bin/sh;
			shellScript = "\"${SRCROOT}/Pods/Target Support Files/Pods-daily/Pods-daily-frameworks.sh\"\n";
			showEnvVarsInLog = 0;
		};
		C8447F6C0522CB08809C5727 /* [CP] Copy Pods Resources */ = {
			isa = PBXShellScriptBuildPhase;
			buildActionMask = 2147483647;
			files = (
			);
			inputPaths = (
			);
			name = "[CP] Copy Pods Resources";
			outputPaths = (
			);
			runOnlyForDeploymentPostprocessing = 0;
			shellPath = /bin/sh;
			shellScript = "\"${SRCROOT}/Pods/Target Support Files/Pods-daily/Pods-daily-resources.sh\"\n";
			showEnvVarsInLog = 0;
		};
/* End PBXShellScriptBuildPhase section */

/* Begin PBXSourcesBuildPhase section */
		DA04C17F20A52BD700DA4233 /* Sources */ = {
			isa = PBXSourcesBuildPhase;
			buildActionMask = 2147483647;
			files = (
				DAB75D3E20A9A65C007F7DA2 /* BuyCoalEntityModel.m in Sources */,
				DA50317C20A59E9400259959 /* DCConstant.m in Sources */,
				DA04C18820A52BD700DA4233 /* AppDelegate.m in Sources */,
				DA04C19920A52BD700DA4233 /* main.m in Sources */,
				DAB75CE320A972B5007F7DA2 /* DCBaseSplitViewController.m in Sources */,
				DAB75CDC20A94648007F7DA2 /* UINavigationItem+DC.m in Sources */,
				DA50317820A590E000259959 /* DCLimeMenuViewController.m in Sources */,
				DA50316A20A5847800259959 /* DCTabbarViewController.m in Sources */,
				DA50317520A58B9000259959 /* DCCoalMenuViewController.m in Sources */,
				DAB75CF620A99EF9007F7DA2 /* Model.xcdatamodeld in Sources */,
				DAD71B6520AAA9D4007C56A7 /* NSManagedObject+DC.m in Sources */,
				DA50317220A58B3600259959 /* DCLimeSplitViewController.m in Sources */,
				DA50318020A5A06800259959 /* UIColor+DC.m in Sources */,
				DA50316E20A588B500259959 /* DCCoalSplitViewController.m in Sources */,
				DAB75CEA20A999BE007F7DA2 /* BuyCoalEntity.m in Sources */,
				DAB75CDF20A96FA0007F7DA2 /* DCColaDailyUseViewController.m in Sources */,
				DAB75CF320A99D00007F7DA2 /* StoreLimeEntity.m in Sources */,
				DAD71B6220AA7697007C56A7 /* DCCoreDataManager.m in Sources */,
				DAD71B7920AACF73007C56A7 /* UIAlertController+DC.m in Sources */,
				DAB75CED20A99AA6007F7DA2 /* UseCoalEntity.m in Sources */,
				DAB75CF020A99AE9007F7DA2 /* SellLimeEntity.m in Sources */,
			);
			runOnlyForDeploymentPostprocessing = 0;
		};
		DA04C19A20A52BD700DA4233 /* Sources */ = {
			isa = PBXSourcesBuildPhase;
			buildActionMask = 2147483647;
			files = (
				DA04C1A320A52BD700DA4233 /* dailyTests.m in Sources */,
			);
			runOnlyForDeploymentPostprocessing = 0;
		};
		DA04C1A520A52BD800DA4233 /* Sources */ = {
			isa = PBXSourcesBuildPhase;
			buildActionMask = 2147483647;
			files = (
				DA04C1AE20A52BD800DA4233 /* dailyUITests.m in Sources */,
			);
			runOnlyForDeploymentPostprocessing = 0;
		};
/* End PBXSourcesBuildPhase section */

/* Begin PBXTargetDependency section */
		DA04C1A020A52BD700DA4233 /* PBXTargetDependency */ = {
			isa = PBXTargetDependency;
			target = DA04C18220A52BD700DA4233 /* daily */;
			targetProxy = DA04C19F20A52BD700DA4233 /* PBXContainerItemProxy */;
		};
		DA04C1AB20A52BD800DA4233 /* PBXTargetDependency */ = {
			isa = PBXTargetDependency;
			target = DA04C18220A52BD700DA4233 /* daily */;
			targetProxy = DA04C1AA20A52BD800DA4233 /* PBXContainerItemProxy */;
		};
/* End PBXTargetDependency section */

/* Begin PBXVariantGroup section */
		DA04C19420A52BD700DA4233 /* LaunchScreen.storyboard */ = {
			isa = PBXVariantGroup;
			children = (
				DA04C19520A52BD700DA4233 /* Base */,
			);
			name = LaunchScreen.storyboard;
			sourceTree = "<group>";
		};
/* End PBXVariantGroup section */

/* Begin XCBuildConfiguration section */
		DA04C1B020A52BD800DA4233 /* Debug */ = {
			isa = XCBuildConfiguration;
			buildSettings = {
				ALWAYS_SEARCH_USER_PATHS = NO;
				CLANG_ANALYZER_NONNULL = YES;
				CLANG_ANALYZER_NUMBER_OBJECT_CONVERSION = YES_AGGRESSIVE;
				CLANG_CXX_LANGUAGE_STANDARD = "gnu++14";
				CLANG_CXX_LIBRARY = "libc++";
				CLANG_ENABLE_MODULES = YES;
				CLANG_ENABLE_OBJC_ARC = YES;
				CLANG_WARN_BLOCK_CAPTURE_AUTORELEASING = YES;
				CLANG_WARN_BOOL_CONVERSION = YES;
				CLANG_WARN_COMMA = YES;
				CLANG_WARN_CONSTANT_CONVERSION = YES;
				CLANG_WARN_DIRECT_OBJC_ISA_USAGE = YES_ERROR;
				CLANG_WARN_DOCUMENTATION_COMMENTS = YES;
				CLANG_WARN_EMPTY_BODY = YES;
				CLANG_WARN_ENUM_CONVERSION = YES;
				CLANG_WARN_INFINITE_RECURSION = YES;
				CLANG_WARN_INT_CONVERSION = YES;
				CLANG_WARN_NON_LITERAL_NULL_CONVERSION = YES;
				CLANG_WARN_OBJC_LITERAL_CONVERSION = YES;
				CLANG_WARN_OBJC_ROOT_CLASS = YES_ERROR;
				CLANG_WARN_RANGE_LOOP_ANALYSIS = YES;
				CLANG_WARN_STRICT_PROTOTYPES = YES;
				CLANG_WARN_SUSPICIOUS_MOVE = YES;
				CLANG_WARN_UNGUARDED_AVAILABILITY = YES_AGGRESSIVE;
				CLANG_WARN_UNREACHABLE_CODE = YES;
				CLANG_WARN__DUPLICATE_METHOD_MATCH = YES;
				CODE_SIGN_IDENTITY = "iPhone Developer";
				COPY_PHASE_STRIP = NO;
				DEBUG_INFORMATION_FORMAT = dwarf;
				ENABLE_STRICT_OBJC_MSGSEND = YES;
				ENABLE_TESTABILITY = YES;
				GCC_C_LANGUAGE_STANDARD = gnu11;
				GCC_DYNAMIC_NO_PIC = NO;
				GCC_NO_COMMON_BLOCKS = YES;
				GCC_OPTIMIZATION_LEVEL = 0;
				GCC_PREPROCESSOR_DEFINITIONS = (
					"DEBUG=1",
					"$(inherited)",
				);
				GCC_WARN_64_TO_32_BIT_CONVERSION = YES;
				GCC_WARN_ABOUT_RETURN_TYPE = YES_ERROR;
				GCC_WARN_UNDECLARED_SELECTOR = YES;
				GCC_WARN_UNINITIALIZED_AUTOS = YES_AGGRESSIVE;
				GCC_WARN_UNUSED_FUNCTION = YES;
				GCC_WARN_UNUSED_VARIABLE = YES;
				IPHONEOS_DEPLOYMENT_TARGET = 11.2;
				MTL_ENABLE_DEBUG_INFO = YES;
				ONLY_ACTIVE_ARCH = YES;
				SDKROOT = iphoneos;
			};
			name = Debug;
		};
		DA04C1B120A52BD800DA4233 /* Release */ = {
			isa = XCBuildConfiguration;
			buildSettings = {
				ALWAYS_SEARCH_USER_PATHS = NO;
				CLANG_ANALYZER_NONNULL = YES;
				CLANG_ANALYZER_NUMBER_OBJECT_CONVERSION = YES_AGGRESSIVE;
				CLANG_CXX_LANGUAGE_STANDARD = "gnu++14";
				CLANG_CXX_LIBRARY = "libc++";
				CLANG_ENABLE_MODULES = YES;
				CLANG_ENABLE_OBJC_ARC = YES;
				CLANG_WARN_BLOCK_CAPTURE_AUTORELEASING = YES;
				CLANG_WARN_BOOL_CONVERSION = YES;
				CLANG_WARN_COMMA = YES;
				CLANG_WARN_CONSTANT_CONVERSION = YES;
				CLANG_WARN_DIRECT_OBJC_ISA_USAGE = YES_ERROR;
				CLANG_WARN_DOCUMENTATION_COMMENTS = YES;
				CLANG_WARN_EMPTY_BODY = YES;
				CLANG_WARN_ENUM_CONVERSION = YES;
				CLANG_WARN_INFINITE_RECURSION = YES;
				CLANG_WARN_INT_CONVERSION = YES;
				CLANG_WARN_NON_LITERAL_NULL_CONVERSION = YES;
				CLANG_WARN_OBJC_LITERAL_CONVERSION = YES;
				CLANG_WARN_OBJC_ROOT_CLASS = YES_ERROR;
				CLANG_WARN_RANGE_LOOP_ANALYSIS = YES;
				CLANG_WARN_STRICT_PROTOTYPES = YES;
				CLANG_WARN_SUSPICIOUS_MOVE = YES;
				CLANG_WARN_UNGUARDED_AVAILABILITY = YES_AGGRESSIVE;
				CLANG_WARN_UNREACHABLE_CODE = YES;
				CLANG_WARN__DUPLICATE_METHOD_MATCH = YES;
				CODE_SIGN_IDENTITY = "iPhone Developer";
				COPY_PHASE_STRIP = NO;
				DEBUG_INFORMATION_FORMAT = "dwarf-with-dsym";
				ENABLE_NS_ASSERTIONS = NO;
				ENABLE_STRICT_OBJC_MSGSEND = YES;
				GCC_C_LANGUAGE_STANDARD = gnu11;
				GCC_NO_COMMON_BLOCKS = YES;
				GCC_WARN_64_TO_32_BIT_CONVERSION = YES;
				GCC_WARN_ABOUT_RETURN_TYPE = YES_ERROR;
				GCC_WARN_UNDECLARED_SELECTOR = YES;
				GCC_WARN_UNINITIALIZED_AUTOS = YES_AGGRESSIVE;
				GCC_WARN_UNUSED_FUNCTION = YES;
				GCC_WARN_UNUSED_VARIABLE = YES;
				IPHONEOS_DEPLOYMENT_TARGET = 11.2;
				MTL_ENABLE_DEBUG_INFO = NO;
				SDKROOT = iphoneos;
				VALIDATE_PRODUCT = YES;
			};
			name = Release;
		};
		DA04C1B320A52BD800DA4233 /* Debug */ = {
			isa = XCBuildConfiguration;
			baseConfigurationReference = 0F000AE1E9B14D68722DF093 /* Pods-daily.debug.xcconfig */;
			buildSettings = {
				ALWAYS_EMBED_SWIFT_STANDARD_LIBRARIES = YES;
				ASSETCATALOG_COMPILER_APPICON_NAME = AppIcon;
				CODE_SIGN_STYLE = Automatic;
				GCC_PREFIX_HEADER = daily/PrefixHeader.pch;
				INFOPLIST_FILE = daily/Info.plist;
				LD_RUNPATH_SEARCH_PATHS = "$(inherited) @executable_path/Frameworks";
				PRODUCT_BUNDLE_IDENTIFIER = com.justek.Daily.daily;
				PRODUCT_NAME = "$(TARGET_NAME)";
				TARGETED_DEVICE_FAMILY = "1,2";
			};
			name = Debug;
		};
		DA04C1B420A52BD800DA4233 /* Release */ = {
			isa = XCBuildConfiguration;
			baseConfigurationReference = 8CD7F6DA6F7EE25A650084CB /* Pods-daily.release.xcconfig */;
			buildSettings = {
				ALWAYS_EMBED_SWIFT_STANDARD_LIBRARIES = YES;
				ASSETCATALOG_COMPILER_APPICON_NAME = AppIcon;
				CODE_SIGN_STYLE = Automatic;
				GCC_PREFIX_HEADER = daily/PrefixHeader.pch;
				INFOPLIST_FILE = daily/Info.plist;
				LD_RUNPATH_SEARCH_PATHS = "$(inherited) @executable_path/Frameworks";
				PRODUCT_BUNDLE_IDENTIFIER = com.justek.Daily.daily;
				PRODUCT_NAME = "$(TARGET_NAME)";
				TARGETED_DEVICE_FAMILY = "1,2";
			};
			name = Release;
		};
		DA04C1B620A52BD800DA4233 /* Debug */ = {
			isa = XCBuildConfiguration;
			buildSettings = {
				BUNDLE_LOADER = "$(TEST_HOST)";
				CODE_SIGN_STYLE = Automatic;
				INFOPLIST_FILE = dailyTests/Info.plist;
				LD_RUNPATH_SEARCH_PATHS = "$(inherited) @executable_path/Frameworks @loader_path/Frameworks";
				PRODUCT_BUNDLE_IDENTIFIER = com.justek.Daily.dailyTests;
				PRODUCT_NAME = "$(TARGET_NAME)";
				TARGETED_DEVICE_FAMILY = "1,2";
				TEST_HOST = "$(BUILT_PRODUCTS_DIR)/daily.app/daily";
			};
			name = Debug;
		};
		DA04C1B720A52BD800DA4233 /* Release */ = {
			isa = XCBuildConfiguration;
			buildSettings = {
				BUNDLE_LOADER = "$(TEST_HOST)";
				CODE_SIGN_STYLE = Automatic;
				INFOPLIST_FILE = dailyTests/Info.plist;
				LD_RUNPATH_SEARCH_PATHS = "$(inherited) @executable_path/Frameworks @loader_path/Frameworks";
				PRODUCT_BUNDLE_IDENTIFIER = com.justek.Daily.dailyTests;
				PRODUCT_NAME = "$(TARGET_NAME)";
				TARGETED_DEVICE_FAMILY = "1,2";
				TEST_HOST = "$(BUILT_PRODUCTS_DIR)/daily.app/daily";
			};
			name = Release;
		};
		DA04C1B920A52BD800DA4233 /* Debug */ = {
			isa = XCBuildConfiguration;
			buildSettings = {
				CODE_SIGN_STYLE = Automatic;
				INFOPLIST_FILE = dailyUITests/Info.plist;
				LD_RUNPATH_SEARCH_PATHS = "$(inherited) @executable_path/Frameworks @loader_path/Frameworks";
				PRODUCT_BUNDLE_IDENTIFIER = com.justek.Daily.dailyUITests;
				PRODUCT_NAME = "$(TARGET_NAME)";
				TARGETED_DEVICE_FAMILY = "1,2";
				TEST_TARGET_NAME = daily;
			};
			name = Debug;
		};
		DA04C1BA20A52BD800DA4233 /* Release */ = {
			isa = XCBuildConfiguration;
			buildSettings = {
				CODE_SIGN_STYLE = Automatic;
				INFOPLIST_FILE = dailyUITests/Info.plist;
				LD_RUNPATH_SEARCH_PATHS = "$(inherited) @executable_path/Frameworks @loader_path/Frameworks";
				PRODUCT_BUNDLE_IDENTIFIER = com.justek.Daily.dailyUITests;
				PRODUCT_NAME = "$(TARGET_NAME)";
				TARGETED_DEVICE_FAMILY = "1,2";
				TEST_TARGET_NAME = daily;
			};
			name = Release;
		};
/* End XCBuildConfiguration section */

/* Begin XCConfigurationList section */
		DA04C17E20A52BD700DA4233 /* Build configuration list for PBXProject "daily" */ = {
			isa = XCConfigurationList;
			buildConfigurations = (
				DA04C1B020A52BD800DA4233 /* Debug */,
				DA04C1B120A52BD800DA4233 /* Release */,
			);
			defaultConfigurationIsVisible = 0;
			defaultConfigurationName = Release;
		};
		DA04C1B220A52BD800DA4233 /* Build configuration list for PBXNativeTarget "daily" */ = {
			isa = XCConfigurationList;
			buildConfigurations = (
				DA04C1B320A52BD800DA4233 /* Debug */,
				DA04C1B420A52BD800DA4233 /* Release */,
			);
			defaultConfigurationIsVisible = 0;
			defaultConfigurationName = Release;
		};
		DA04C1B520A52BD800DA4233 /* Build configuration list for PBXNativeTarget "dailyTests" */ = {
			isa = XCConfigurationList;
			buildConfigurations = (
				DA04C1B620A52BD800DA4233 /* Debug */,
				DA04C1B720A52BD800DA4233 /* Release */,
			);
			defaultConfigurationIsVisible = 0;
			defaultConfigurationName = Release;
		};
		DA04C1B820A52BD800DA4233 /* Build configuration list for PBXNativeTarget "dailyUITests" */ = {
			isa = XCConfigurationList;
			buildConfigurations = (
				DA04C1B920A52BD800DA4233 /* Debug */,
				DA04C1BA20A52BD800DA4233 /* Release */,
			);
			defaultConfigurationIsVisible = 0;
			defaultConfigurationName = Release;
		};
/* End XCConfigurationList section */

/* Begin XCVersionGroup section */
		DAB75CF420A99EF9007F7DA2 /* Model.xcdatamodeld */ = {
			isa = XCVersionGroup;
			children = (
				DAB75CF520A99EF9007F7DA2 /* Model.xcdatamodel */,
			);
			currentVersion = DAB75CF520A99EF9007F7DA2 /* Model.xcdatamodel */;
			path = Model.xcdatamodeld;
			sourceTree = "<group>";
			versionGroupType = wrapper.xcdatamodel;
		};
/* End XCVersionGroup section */
	};
	rootObject = DA04C17B20A52BD700DA4233 /* Project object */;
}
