// !$*UTF8*$!
{
	archiveVersion = 1;
	classes = {
	};
	objectVersion = 48;
	objects = {

/* Begin PBXBuildFile section */
		307F57D9EB4892541C9518F3 /* libPods-daily.a in Frameworks */ = {isa = PBXBuildFile; fileRef = 85E1EF3D37398E894A2D0E99 /* libPods-daily.a */; };
		DA048CA320AB284F0086B9A4 /* DCCoalDailyBuyViewController.m in Sources */ = {isa = PBXBuildFile; fileRef = DA048CA220AB284F0086B9A4 /* DCCoalDailyBuyViewController.m */; };
		DA048CA620AB3ACE0086B9A4 /* UIViewController+DC.m in Sources */ = {isa = PBXBuildFile; fileRef = DA048CA520AB3ACE0086B9A4 /* UIViewController+DC.m */; };
		DA048CA920AB3B760086B9A4 /* DCPopupTransitionDelegate.m in Sources */ = {isa = PBXBuildFile; fileRef = DA048CA820AB3B760086B9A4 /* DCPopupTransitionDelegate.m */; };
		DA04C18820A52BD700DA4233 /* AppDelegate.m in Sources */ = {isa = PBXBuildFile; fileRef = DA04C18720A52BD700DA4233 /* AppDelegate.m */; };
		DA04C19320A52BD700DA4233 /* Assets.xcassets in Resources */ = {isa = PBXBuildFile; fileRef = DA04C19220A52BD700DA4233 /* Assets.xcassets */; };
		DA04C19620A52BD700DA4233 /* LaunchScreen.storyboard in Resources */ = {isa = PBXBuildFile; fileRef = DA04C19420A52BD700DA4233 /* LaunchScreen.storyboard */; };
		DA04C19920A52BD700DA4233 /* main.m in Sources */ = {isa = PBXBuildFile; fileRef = DA04C19820A52BD700DA4233 /* main.m */; };
		DA04C1A320A52BD700DA4233 /* dailyTests.m in Sources */ = {isa = PBXBuildFile; fileRef = DA04C1A220A52BD700DA4233 /* dailyTests.m */; };
		DA04C1AE20A52BD800DA4233 /* dailyUITests.m in Sources */ = {isa = PBXBuildFile; fileRef = DA04C1AD20A52BD800DA4233 /* dailyUITests.m */; };
		DA50316A20A5847800259959 /* DCTabbarViewController.m in Sources */ = {isa = PBXBuildFile; fileRef = DA50316920A5847800259959 /* DCTabbarViewController.m */; };
		DA50316E20A588B500259959 /* DCCoalSplitViewController.m in Sources */ = {isa = PBXBuildFile; fileRef = DA50316D20A588B500259959 /* DCCoalSplitViewController.m */; };
		DA50317220A58B3600259959 /* DCLimeSplitViewController.m in Sources */ = {isa = PBXBuildFile; fileRef = DA50317120A58B3600259959 /* DCLimeSplitViewController.m */; };
		DA50317520A58B9000259959 /* DCCoalMenuViewController.m in Sources */ = {isa = PBXBuildFile; fileRef = DA50317420A58B9000259959 /* DCCoalMenuViewController.m */; };
		DA50317820A590E000259959 /* DCLimeMenuViewController.m in Sources */ = {isa = PBXBuildFile; fileRef = DA50317720A590E000259959 /* DCLimeMenuViewController.m */; };
		DA50317C20A59E9400259959 /* DCConstant.m in Sources */ = {isa = PBXBuildFile; fileRef = DA50317B20A59E9400259959 /* DCConstant.m */; };
		DA50318020A5A06800259959 /* UIColor+DC.m in Sources */ = {isa = PBXBuildFile; fileRef = DA50317F20A5A06800259959 /* UIColor+DC.m */; };
		DA59A42C20B0067700372A01 /* DCBaseUpdateEntityViewController.m in Sources */ = {isa = PBXBuildFile; fileRef = DA59A42B20B0067700372A01 /* DCBaseUpdateEntityViewController.m */; };
		DA59A42F20B0087600372A01 /* DCLimeDailySellViewController.m in Sources */ = {isa = PBXBuildFile; fileRef = DA59A42E20B0087600372A01 /* DCLimeDailySellViewController.m */; };
		DA59A43520B00EF100372A01 /* SellLimeEntityModel.m in Sources */ = {isa = PBXBuildFile; fileRef = DA59A43420B00EF100372A01 /* SellLimeEntityModel.m */; };
		DA59A43820B020A700372A01 /* DCBaseMenuViewController.m in Sources */ = {isa = PBXBuildFile; fileRef = DA59A43720B020A700372A01 /* DCBaseMenuViewController.m */; };
		DA59A44B20B027B100372A01 /* UseStoneEntity.m in Sources */ = {isa = PBXBuildFile; fileRef = DA59A44820B027B100372A01 /* UseStoneEntity.m */; };
		DA59A45020B028AD00372A01 /* BuyStoneEntityModel.m in Sources */ = {isa = PBXBuildFile; fileRef = DA59A44C20B028AD00372A01 /* BuyStoneEntityModel.m */; };
		DA59A45120B028AD00372A01 /* UseStoneEntityModel.m in Sources */ = {isa = PBXBuildFile; fileRef = DA59A44E20B028AD00372A01 /* UseStoneEntityModel.m */; };
		DA59A46120B02DFA00372A01 /* DCStoneSplitViewController.m in Sources */ = {isa = PBXBuildFile; fileRef = DA59A45A20B02DFA00372A01 /* DCStoneSplitViewController.m */; };
		DA59A46620B02F7600372A01 /* DCStoneDailyBuyViewController.m in Sources */ = {isa = PBXBuildFile; fileRef = DA59A46520B02F7600372A01 /* DCStoneDailyBuyViewController.m */; };
		DA59A46C20B0302F00372A01 /* DCStoneMenuViewController.m in Sources */ = {isa = PBXBuildFile; fileRef = DA59A46B20B0302F00372A01 /* DCStoneMenuViewController.m */; };
		DA59A46F20B0308600372A01 /* DCStoneDailyUseViewController.m in Sources */ = {isa = PBXBuildFile; fileRef = DA59A46D20B0308600372A01 /* DCStoneDailyUseViewController.m */; };
		DA59A47620B099F600372A01 /* DCPlateKeyBoardView.m in Sources */ = {isa = PBXBuildFile; fileRef = DA59A47520B099F600372A01 /* DCPlateKeyBoardView.m */; };
		DA59A47C20B16C0700372A01 /* UIView+NuiView.m in Sources */ = {isa = PBXBuildFile; fileRef = DA59A47B20B16C0600372A01 /* UIView+NuiView.m */; };
		DA59A47F20B17F2F00372A01 /* CustomerEntityModel.m in Sources */ = {isa = PBXBuildFile; fileRef = DA59A47E20B17F2F00372A01 /* CustomerEntityModel.m */; };
		DA59A48220B180CD00372A01 /* CustomerEntity.m in Sources */ = {isa = PBXBuildFile; fileRef = DA59A48120B180CD00372A01 /* CustomerEntity.m */; };
		DA59A48520B1C7CD00372A01 /* OperatorEntityModel.m in Sources */ = {isa = PBXBuildFile; fileRef = DA59A48420B1C7CD00372A01 /* OperatorEntityModel.m */; };
		DA59A48820B1C80200372A01 /* OperatorEntity.m in Sources */ = {isa = PBXBuildFile; fileRef = DA59A48720B1C80200372A01 /* OperatorEntity.m */; };
		DA59A48B20B1D39400372A01 /* DCCoalDailyStoreViewController.m in Sources */ = {isa = PBXBuildFile; fileRef = DA59A48A20B1D39400372A01 /* DCCoalDailyStoreViewController.m */; };
		DA59A48E20B1D89100372A01 /* StoreCoalEntity.m in Sources */ = {isa = PBXBuildFile; fileRef = DA59A48D20B1D89100372A01 /* StoreCoalEntity.m */; };
		DA59A49120B1D96C00372A01 /* StoneCoalEntityModel.m in Sources */ = {isa = PBXBuildFile; fileRef = DA59A49020B1D96C00372A01 /* StoneCoalEntityModel.m */; };
		DA59A4A220B3114900372A01 /* BaseItemEntity.m in Sources */ = {isa = PBXBuildFile; fileRef = DA59A4A120B3114900372A01 /* BaseItemEntity.m */; };
		DA59A4A520B327CA00372A01 /* DCStoneDailyStoreViewController.m in Sources */ = {isa = PBXBuildFile; fileRef = DA59A4A420B327CA00372A01 /* DCStoneDailyStoreViewController.m */; };
		DA59A4A820B3281700372A01 /* StoreStoneEntity.m in Sources */ = {isa = PBXBuildFile; fileRef = DA59A4A720B3281700372A01 /* StoreStoneEntity.m */; };
		DA59A4AB20B32C2200372A01 /* DCLimeDailyPreorderViewController.m in Sources */ = {isa = PBXBuildFile; fileRef = DA59A4AA20B32C2200372A01 /* DCLimeDailyPreorderViewController.m */; };
		DA59A4AE20B3311600372A01 /* PreorderLimeEntity.m in Sources */ = {isa = PBXBuildFile; fileRef = DA59A4AD20B3311600372A01 /* PreorderLimeEntity.m */; };
		DA59A4B120B331C900372A01 /* PreorderLImeEntityModel.m in Sources */ = {isa = PBXBuildFile; fileRef = DA59A4B020B331C900372A01 /* PreorderLImeEntityModel.m */; };
		DA9AAC9320B7072800FCBC10 /* DCBaseItemDailyBuyViewController.m in Sources */ = {isa = PBXBuildFile; fileRef = DA9AAC9220B7072800FCBC10 /* DCBaseItemDailyBuyViewController.m */; };
		DAA4479A20BD9067008396D8 /* HLCalendarMonthCollectionView.m in Sources */ = {isa = PBXBuildFile; fileRef = DAA4478E20BD9064008396D8 /* HLCalendarMonthCollectionView.m */; };
		DAA4479B20BD9067008396D8 /* HLCalendarTableViewCell.m in Sources */ = {isa = PBXBuildFile; fileRef = DAA4478F20BD9065008396D8 /* HLCalendarTableViewCell.m */; };
		DAA4479C20BD9067008396D8 /* HLCalendarView.m in Sources */ = {isa = PBXBuildFile; fileRef = DAA4479220BD9065008396D8 /* HLCalendarView.m */; };
		DAA4479D20BD9067008396D8 /* NSDate+HLCalendar.m in Sources */ = {isa = PBXBuildFile; fileRef = DAA4479420BD9066008396D8 /* NSDate+HLCalendar.m */; };
		DAA4479E20BD9067008396D8 /* HLCalendarMonthEntity.m in Sources */ = {isa = PBXBuildFile; fileRef = DAA4479520BD9066008396D8 /* HLCalendarMonthEntity.m */; };
		DAA4479F20BD9067008396D8 /* HLCalendarDayCell.m in Sources */ = {isa = PBXBuildFile; fileRef = DAA4479620BD9067008396D8 /* HLCalendarDayCell.m */; };
		DAB75CDC20A94648007F7DA2 /* UINavigationItem+DC.m in Sources */ = {isa = PBXBuildFile; fileRef = DAB75CDB20A94648007F7DA2 /* UINavigationItem+DC.m */; };
		DAB75CDF20A96FA0007F7DA2 /* DCCoalDailyUseViewController.m in Sources */ = {isa = PBXBuildFile; fileRef = DAB75CDE20A96FA0007F7DA2 /* DCCoalDailyUseViewController.m */; };
		DAB75CE320A972B5007F7DA2 /* DCBaseSplitViewController.m in Sources */ = {isa = PBXBuildFile; fileRef = DAB75CE220A972B5007F7DA2 /* DCBaseSplitViewController.m */; };
		DAB75CED20A99AA6007F7DA2 /* UseCoalEntity.m in Sources */ = {isa = PBXBuildFile; fileRef = DAB75CEC20A99AA6007F7DA2 /* UseCoalEntity.m */; };
		DAB75CF320A99D00007F7DA2 /* StoreLimeEntity.m in Sources */ = {isa = PBXBuildFile; fileRef = DAB75CF220A99D00007F7DA2 /* StoreLimeEntity.m */; };
		DAB75CF620A99EF9007F7DA2 /* Model.xcdatamodeld in Sources */ = {isa = PBXBuildFile; fileRef = DAB75CF420A99EF9007F7DA2 /* Model.xcdatamodeld */; };
		DAB75D3E20A9A65C007F7DA2 /* BuyCoalEntityModel.m in Sources */ = {isa = PBXBuildFile; fileRef = DAB75D3D20A9A65C007F7DA2 /* BuyCoalEntityModel.m */; };
		DAD71B6220AA7697007C56A7 /* DCCoreDataManager.m in Sources */ = {isa = PBXBuildFile; fileRef = DAD71B6120AA7697007C56A7 /* DCCoreDataManager.m */; };
		DAD71B6520AAA9D4007C56A7 /* NSManagedObject+DC.m in Sources */ = {isa = PBXBuildFile; fileRef = DAD71B6420AAA9D4007C56A7 /* NSManagedObject+DC.m */; };
		DAD71B7920AACF73007C56A7 /* UIAlertController+DC.m in Sources */ = {isa = PBXBuildFile; fileRef = DAD71B7820AACF73007C56A7 /* UIAlertController+DC.m */; };
		DADCDE8C20ADA43D00BDB555 /* DCNotificationManager.m in Sources */ = {isa = PBXBuildFile; fileRef = DADCDE8B20ADA43D00BDB555 /* DCNotificationManager.m */; };
		DADCDE8F20ADBC7800BDB555 /* DCBaseViewController.m in Sources */ = {isa = PBXBuildFile; fileRef = DADCDE8E20ADBC7800BDB555 /* DCBaseViewController.m */; };
		DADCDE9220AE7D6400BDB555 /* UseCoalEntityModel.m in Sources */ = {isa = PBXBuildFile; fileRef = DADCDE9120AE7D6400BDB555 /* UseCoalEntityModel.m */; };
		DADCDE9520AE81E700BDB555 /* DCBaseTableView.m in Sources */ = {isa = PBXBuildFile; fileRef = DADCDE9420AE81E700BDB555 /* DCBaseTableView.m */; };
		DADCDE9820AE893E00BDB555 /* KeyboardAvoidingScrollView.m in Sources */ = {isa = PBXBuildFile; fileRef = DADCDE9720AE893E00BDB555 /* KeyboardAvoidingScrollView.m */; };
		DAF1097720BB0C9200B78167 /* DCSearchCarAndUserManager.m in Sources */ = {isa = PBXBuildFile; fileRef = DAF1097620BB0C9200B78167 /* DCSearchCarAndUserManager.m */; };
/* End PBXBuildFile section */

/* Begin PBXBuildRule section */
		DAB75CF920A9A373007F7DA2 /* PBXBuildRule */ = {
			isa = PBXBuildRule;
			compilerSpec = com.apple.compilers.proxy.script;
			fileType = sourcecode.swift;
			isEditable = 1;
			outputFiles = (
			);
			script = "# $(SWIFT_EXEC)\n";
		};
/* End PBXBuildRule section */

/* Begin PBXContainerItemProxy section */
		DA04C19F20A52BD700DA4233 /* PBXContainerItemProxy */ = {
			isa = PBXContainerItemProxy;
			containerPortal = DA04C17B20A52BD700DA4233 /* Project object */;
			proxyType = 1;
			remoteGlobalIDString = DA04C18220A52BD700DA4233;
			remoteInfo = daily;
		};
		DA04C1AA20A52BD800DA4233 /* PBXContainerItemProxy */ = {
			isa = PBXContainerItemProxy;
			containerPortal = DA04C17B20A52BD700DA4233 /* Project object */;
			proxyType = 1;
			remoteGlobalIDString = DA04C18220A52BD700DA4233;
			remoteInfo = daily;
		};
/* End PBXContainerItemProxy section */

/* Begin PBXFileReference section */
		0F000AE1E9B14D68722DF093 /* Pods-daily.debug.xcconfig */ = {isa = PBXFileReference; includeInIndex = 1; lastKnownFileType = text.xcconfig; name = "Pods-daily.debug.xcconfig"; path = "Pods/Target Support Files/Pods-daily/Pods-daily.debug.xcconfig"; sourceTree = "<group>"; };
		85E1EF3D37398E894A2D0E99 /* libPods-daily.a */ = {isa = PBXFileReference; explicitFileType = archive.ar; includeInIndex = 0; path = "libPods-daily.a"; sourceTree = BUILT_PRODUCTS_DIR; };
		8CD7F6DA6F7EE25A650084CB /* Pods-daily.release.xcconfig */ = {isa = PBXFileReference; includeInIndex = 1; lastKnownFileType = text.xcconfig; name = "Pods-daily.release.xcconfig"; path = "Pods/Target Support Files/Pods-daily/Pods-daily.release.xcconfig"; sourceTree = "<group>"; };
		DA048CA120AB284F0086B9A4 /* DCCoalDailyBuyViewController.h */ = {isa = PBXFileReference; lastKnownFileType = sourcecode.c.h; path = DCCoalDailyBuyViewController.h; sourceTree = "<group>"; };
		DA048CA220AB284F0086B9A4 /* DCCoalDailyBuyViewController.m */ = {isa = PBXFileReference; lastKnownFileType = sourcecode.c.objc; path = DCCoalDailyBuyViewController.m; sourceTree = "<group>"; };
		DA048CA420AB3ACE0086B9A4 /* UIViewController+DC.h */ = {isa = PBXFileReference; lastKnownFileType = sourcecode.c.h; path = "UIViewController+DC.h"; sourceTree = "<group>"; };
		DA048CA520AB3ACE0086B9A4 /* UIViewController+DC.m */ = {isa = PBXFileReference; lastKnownFileType = sourcecode.c.objc; path = "UIViewController+DC.m"; sourceTree = "<group>"; };
		DA048CA720AB3B760086B9A4 /* DCPopupTransitionDelegate.h */ = {isa = PBXFileReference; lastKnownFileType = sourcecode.c.h; path = DCPopupTransitionDelegate.h; sourceTree = "<group>"; };
		DA048CA820AB3B760086B9A4 /* DCPopupTransitionDelegate.m */ = {isa = PBXFileReference; lastKnownFileType = sourcecode.c.objc; path = DCPopupTransitionDelegate.m; sourceTree = "<group>"; };
		DA04C18320A52BD700DA4233 /* daily.app */ = {isa = PBXFileReference; explicitFileType = wrapper.application; includeInIndex = 0; path = daily.app; sourceTree = BUILT_PRODUCTS_DIR; };
		DA04C18620A52BD700DA4233 /* AppDelegate.h */ = {isa = PBXFileReference; lastKnownFileType = sourcecode.c.h; path = AppDelegate.h; sourceTree = "<group>"; };
		DA04C18720A52BD700DA4233 /* AppDelegate.m */ = {isa = PBXFileReference; lastKnownFileType = sourcecode.c.objc; path = AppDelegate.m; sourceTree = "<group>"; };
		DA04C19220A52BD700DA4233 /* Assets.xcassets */ = {isa = PBXFileReference; lastKnownFileType = folder.assetcatalog; path = Assets.xcassets; sourceTree = "<group>"; };
		DA04C19520A52BD700DA4233 /* Base */ = {isa = PBXFileReference; lastKnownFileType = file.storyboard; name = Base; path = Base.lproj/LaunchScreen.storyboard; sourceTree = "<group>"; };
		DA04C19720A52BD700DA4233 /* Info.plist */ = {isa = PBXFileReference; lastKnownFileType = text.plist.xml; path = Info.plist; sourceTree = "<group>"; };
		DA04C19820A52BD700DA4233 /* main.m */ = {isa = PBXFileReference; lastKnownFileType = sourcecode.c.objc; path = main.m; sourceTree = "<group>"; };
		DA04C19E20A52BD700DA4233 /* dailyTests.xctest */ = {isa = PBXFileReference; explicitFileType = wrapper.cfbundle; includeInIndex = 0; path = dailyTests.xctest; sourceTree = BUILT_PRODUCTS_DIR; };
		DA04C1A220A52BD700DA4233 /* dailyTests.m */ = {isa = PBXFileReference; lastKnownFileType = sourcecode.c.objc; path = dailyTests.m; sourceTree = "<group>"; };
		DA04C1A420A52BD700DA4233 /* Info.plist */ = {isa = PBXFileReference; lastKnownFileType = text.plist.xml; path = Info.plist; sourceTree = "<group>"; };
		DA04C1A920A52BD800DA4233 /* dailyUITests.xctest */ = {isa = PBXFileReference; explicitFileType = wrapper.cfbundle; includeInIndex = 0; path = dailyUITests.xctest; sourceTree = BUILT_PRODUCTS_DIR; };
		DA04C1AD20A52BD800DA4233 /* dailyUITests.m */ = {isa = PBXFileReference; lastKnownFileType = sourcecode.c.objc; path = dailyUITests.m; sourceTree = "<group>"; };
		DA04C1AF20A52BD800DA4233 /* Info.plist */ = {isa = PBXFileReference; lastKnownFileType = text.plist.xml; path = Info.plist; sourceTree = "<group>"; };
		DA50316820A5847800259959 /* DCTabbarViewController.h */ = {isa = PBXFileReference; lastKnownFileType = sourcecode.c.h; path = DCTabbarViewController.h; sourceTree = "<group>"; };
		DA50316920A5847800259959 /* DCTabbarViewController.m */ = {isa = PBXFileReference; lastKnownFileType = sourcecode.c.objc; path = DCTabbarViewController.m; sourceTree = "<group>"; };
		DA50316C20A588B500259959 /* DCCoalSplitViewController.h */ = {isa = PBXFileReference; lastKnownFileType = sourcecode.c.h; path = DCCoalSplitViewController.h; sourceTree = "<group>"; };
		DA50316D20A588B500259959 /* DCCoalSplitViewController.m */ = {isa = PBXFileReference; lastKnownFileType = sourcecode.c.objc; path = DCCoalSplitViewController.m; sourceTree = "<group>"; };
		DA50317020A58B3600259959 /* DCLimeSplitViewController.h */ = {isa = PBXFileReference; lastKnownFileType = sourcecode.c.h; path = DCLimeSplitViewController.h; sourceTree = "<group>"; };
		DA50317120A58B3600259959 /* DCLimeSplitViewController.m */ = {isa = PBXFileReference; lastKnownFileType = sourcecode.c.objc; path = DCLimeSplitViewController.m; sourceTree = "<group>"; };
		DA50317320A58B9000259959 /* DCCoalMenuViewController.h */ = {isa = PBXFileReference; lastKnownFileType = sourcecode.c.h; path = DCCoalMenuViewController.h; sourceTree = "<group>"; };
		DA50317420A58B9000259959 /* DCCoalMenuViewController.m */ = {isa = PBXFileReference; lastKnownFileType = sourcecode.c.objc; path = DCCoalMenuViewController.m; sourceTree = "<group>"; };
		DA50317620A590E000259959 /* DCLimeMenuViewController.h */ = {isa = PBXFileReference; lastKnownFileType = sourcecode.c.h; path = DCLimeMenuViewController.h; sourceTree = "<group>"; };
		DA50317720A590E000259959 /* DCLimeMenuViewController.m */ = {isa = PBXFileReference; lastKnownFileType = sourcecode.c.objc; path = DCLimeMenuViewController.m; sourceTree = "<group>"; };
		DA50317A20A59E9400259959 /* DCConstant.h */ = {isa = PBXFileReference; lastKnownFileType = sourcecode.c.h; path = DCConstant.h; sourceTree = "<group>"; };
		DA50317B20A59E9400259959 /* DCConstant.m */ = {isa = PBXFileReference; lastKnownFileType = sourcecode.c.objc; path = DCConstant.m; sourceTree = "<group>"; };
		DA50317E20A5A06800259959 /* UIColor+DC.h */ = {isa = PBXFileReference; lastKnownFileType = sourcecode.c.h; path = "UIColor+DC.h"; sourceTree = "<group>"; };
		DA50317F20A5A06800259959 /* UIColor+DC.m */ = {isa = PBXFileReference; lastKnownFileType = sourcecode.c.objc; path = "UIColor+DC.m"; sourceTree = "<group>"; };
		DA59A42A20B0067700372A01 /* DCBaseUpdateEntityViewController.h */ = {isa = PBXFileReference; lastKnownFileType = sourcecode.c.h; path = DCBaseUpdateEntityViewController.h; sourceTree = "<group>"; };
		DA59A42B20B0067700372A01 /* DCBaseUpdateEntityViewController.m */ = {isa = PBXFileReference; lastKnownFileType = sourcecode.c.objc; path = DCBaseUpdateEntityViewController.m; sourceTree = "<group>"; };
		DA59A42D20B0087600372A01 /* DCLimeDailySellViewController.h */ = {isa = PBXFileReference; lastKnownFileType = sourcecode.c.h; path = DCLimeDailySellViewController.h; sourceTree = "<group>"; };
		DA59A42E20B0087600372A01 /* DCLimeDailySellViewController.m */ = {isa = PBXFileReference; lastKnownFileType = sourcecode.c.objc; path = DCLimeDailySellViewController.m; sourceTree = "<group>"; };
		DA59A43320B00EF100372A01 /* SellLimeEntityModel.h */ = {isa = PBXFileReference; lastKnownFileType = sourcecode.c.h; path = SellLimeEntityModel.h; sourceTree = "<group>"; };
		DA59A43420B00EF100372A01 /* SellLimeEntityModel.m */ = {isa = PBXFileReference; lastKnownFileType = sourcecode.c.objc; path = SellLimeEntityModel.m; sourceTree = "<group>"; };
		DA59A43620B020A700372A01 /* DCBaseMenuViewController.h */ = {isa = PBXFileReference; lastKnownFileType = sourcecode.c.h; path = DCBaseMenuViewController.h; sourceTree = "<group>"; };
		DA59A43720B020A700372A01 /* DCBaseMenuViewController.m */ = {isa = PBXFileReference; lastKnownFileType = sourcecode.c.objc; path = DCBaseMenuViewController.m; sourceTree = "<group>"; };
		DA59A44620B027B100372A01 /* UseStoneEntity.h */ = {isa = PBXFileReference; fileEncoding = 4; lastKnownFileType = sourcecode.c.h; path = UseStoneEntity.h; sourceTree = "<group>"; };
		DA59A44820B027B100372A01 /* UseStoneEntity.m */ = {isa = PBXFileReference; fileEncoding = 4; lastKnownFileType = sourcecode.c.objc; path = UseStoneEntity.m; sourceTree = "<group>"; };
		DA59A44C20B028AD00372A01 /* BuyStoneEntityModel.m */ = {isa = PBXFileReference; fileEncoding = 4; lastKnownFileType = sourcecode.c.objc; path = BuyStoneEntityModel.m; sourceTree = "<group>"; };
		DA59A44D20B028AD00372A01 /* UseStoneEntityModel.h */ = {isa = PBXFileReference; fileEncoding = 4; lastKnownFileType = sourcecode.c.h; path = UseStoneEntityModel.h; sourceTree = "<group>"; };
		DA59A44E20B028AD00372A01 /* UseStoneEntityModel.m */ = {isa = PBXFileReference; fileEncoding = 4; lastKnownFileType = sourcecode.c.objc; path = UseStoneEntityModel.m; sourceTree = "<group>"; };
		DA59A44F20B028AD00372A01 /* BuyStoneEntityModel.h */ = {isa = PBXFileReference; fileEncoding = 4; lastKnownFileType = sourcecode.c.h; path = BuyStoneEntityModel.h; sourceTree = "<group>"; };
		DA59A45A20B02DFA00372A01 /* DCStoneSplitViewController.m */ = {isa = PBXFileReference; fileEncoding = 4; lastKnownFileType = sourcecode.c.objc; path = DCStoneSplitViewController.m; sourceTree = "<group>"; };
		DA59A45B20B02DFA00372A01 /* DCStoneSplitViewController.h */ = {isa = PBXFileReference; fileEncoding = 4; lastKnownFileType = sourcecode.c.h; path = DCStoneSplitViewController.h; sourceTree = "<group>"; };
		DA59A46420B02F7600372A01 /* DCStoneDailyBuyViewController.h */ = {isa = PBXFileReference; fileEncoding = 4; lastKnownFileType = sourcecode.c.h; path = DCStoneDailyBuyViewController.h; sourceTree = "<group>"; };
		DA59A46520B02F7600372A01 /* DCStoneDailyBuyViewController.m */ = {isa = PBXFileReference; fileEncoding = 4; lastKnownFileType = sourcecode.c.objc; path = DCStoneDailyBuyViewController.m; sourceTree = "<group>"; };
		DA59A46A20B0302F00372A01 /* DCStoneMenuViewController.h */ = {isa = PBXFileReference; fileEncoding = 4; lastKnownFileType = sourcecode.c.h; path = DCStoneMenuViewController.h; sourceTree = "<group>"; };
		DA59A46B20B0302F00372A01 /* DCStoneMenuViewController.m */ = {isa = PBXFileReference; fileEncoding = 4; lastKnownFileType = sourcecode.c.objc; path = DCStoneMenuViewController.m; sourceTree = "<group>"; };
		DA59A46D20B0308600372A01 /* DCStoneDailyUseViewController.m */ = {isa = PBXFileReference; fileEncoding = 4; lastKnownFileType = sourcecode.c.objc; path = DCStoneDailyUseViewController.m; sourceTree = "<group>"; };
		DA59A46E20B0308600372A01 /* DCStoneDailyUseViewController.h */ = {isa = PBXFileReference; fileEncoding = 4; lastKnownFileType = sourcecode.c.h; path = DCStoneDailyUseViewController.h; sourceTree = "<group>"; };
		DA59A47420B099F600372A01 /* DCPlateKeyBoardView.h */ = {isa = PBXFileReference; lastKnownFileType = sourcecode.c.h; path = DCPlateKeyBoardView.h; sourceTree = "<group>"; };
		DA59A47520B099F600372A01 /* DCPlateKeyBoardView.m */ = {isa = PBXFileReference; lastKnownFileType = sourcecode.c.objc; path = DCPlateKeyBoardView.m; sourceTree = "<group>"; };
		DA59A47A20B16C0600372A01 /* UIView+NuiView.h */ = {isa = PBXFileReference; fileEncoding = 4; lastKnownFileType = sourcecode.c.h; path = "UIView+NuiView.h"; sourceTree = "<group>"; };
		DA59A47B20B16C0600372A01 /* UIView+NuiView.m */ = {isa = PBXFileReference; fileEncoding = 4; lastKnownFileType = sourcecode.c.objc; path = "UIView+NuiView.m"; sourceTree = "<group>"; };
		DA59A47D20B17F2F00372A01 /* CustomerEntityModel.h */ = {isa = PBXFileReference; lastKnownFileType = sourcecode.c.h; path = CustomerEntityModel.h; sourceTree = "<group>"; };
		DA59A47E20B17F2F00372A01 /* CustomerEntityModel.m */ = {isa = PBXFileReference; lastKnownFileType = sourcecode.c.objc; path = CustomerEntityModel.m; sourceTree = "<group>"; };
		DA59A48020B180CD00372A01 /* CustomerEntity.h */ = {isa = PBXFileReference; lastKnownFileType = sourcecode.c.h; path = CustomerEntity.h; sourceTree = "<group>"; };
		DA59A48120B180CD00372A01 /* CustomerEntity.m */ = {isa = PBXFileReference; lastKnownFileType = sourcecode.c.objc; path = CustomerEntity.m; sourceTree = "<group>"; };
		DA59A48320B1C7CD00372A01 /* OperatorEntityModel.h */ = {isa = PBXFileReference; lastKnownFileType = sourcecode.c.h; path = OperatorEntityModel.h; sourceTree = "<group>"; };
		DA59A48420B1C7CD00372A01 /* OperatorEntityModel.m */ = {isa = PBXFileReference; lastKnownFileType = sourcecode.c.objc; path = OperatorEntityModel.m; sourceTree = "<group>"; };
		DA59A48620B1C80200372A01 /* OperatorEntity.h */ = {isa = PBXFileReference; lastKnownFileType = sourcecode.c.h; path = OperatorEntity.h; sourceTree = "<group>"; };
		DA59A48720B1C80200372A01 /* OperatorEntity.m */ = {isa = PBXFileReference; lastKnownFileType = sourcecode.c.objc; path = OperatorEntity.m; sourceTree = "<group>"; };
		DA59A48920B1D39400372A01 /* DCCoalDailyStoreViewController.h */ = {isa = PBXFileReference; lastKnownFileType = sourcecode.c.h; path = DCCoalDailyStoreViewController.h; sourceTree = "<group>"; };
		DA59A48A20B1D39400372A01 /* DCCoalDailyStoreViewController.m */ = {isa = PBXFileReference; lastKnownFileType = sourcecode.c.objc; path = DCCoalDailyStoreViewController.m; sourceTree = "<group>"; };
		DA59A48C20B1D89100372A01 /* StoreCoalEntity.h */ = {isa = PBXFileReference; lastKnownFileType = sourcecode.c.h; path = StoreCoalEntity.h; sourceTree = "<group>"; };
		DA59A48D20B1D89100372A01 /* StoreCoalEntity.m */ = {isa = PBXFileReference; lastKnownFileType = sourcecode.c.objc; path = StoreCoalEntity.m; sourceTree = "<group>"; };
		DA59A48F20B1D96C00372A01 /* StoneCoalEntityModel.h */ = {isa = PBXFileReference; lastKnownFileType = sourcecode.c.h; path = StoneCoalEntityModel.h; sourceTree = "<group>"; };
		DA59A49020B1D96C00372A01 /* StoneCoalEntityModel.m */ = {isa = PBXFileReference; lastKnownFileType = sourcecode.c.objc; path = StoneCoalEntityModel.m; sourceTree = "<group>"; };
		DA59A4A020B3114900372A01 /* BaseItemEntity.h */ = {isa = PBXFileReference; lastKnownFileType = sourcecode.c.h; path = BaseItemEntity.h; sourceTree = "<group>"; };
		DA59A4A120B3114900372A01 /* BaseItemEntity.m */ = {isa = PBXFileReference; lastKnownFileType = sourcecode.c.objc; path = BaseItemEntity.m; sourceTree = "<group>"; };
		DA59A4A320B327CA00372A01 /* DCStoneDailyStoreViewController.h */ = {isa = PBXFileReference; lastKnownFileType = sourcecode.c.h; path = DCStoneDailyStoreViewController.h; sourceTree = "<group>"; };
		DA59A4A420B327CA00372A01 /* DCStoneDailyStoreViewController.m */ = {isa = PBXFileReference; lastKnownFileType = sourcecode.c.objc; path = DCStoneDailyStoreViewController.m; sourceTree = "<group>"; };
		DA59A4A620B3281700372A01 /* StoreStoneEntity.h */ = {isa = PBXFileReference; lastKnownFileType = sourcecode.c.h; path = StoreStoneEntity.h; sourceTree = "<group>"; };
		DA59A4A720B3281700372A01 /* StoreStoneEntity.m */ = {isa = PBXFileReference; lastKnownFileType = sourcecode.c.objc; path = StoreStoneEntity.m; sourceTree = "<group>"; };
		DA59A4A920B32C2200372A01 /* DCLimeDailyPreorderViewController.h */ = {isa = PBXFileReference; lastKnownFileType = sourcecode.c.h; path = DCLimeDailyPreorderViewController.h; sourceTree = "<group>"; };
		DA59A4AA20B32C2200372A01 /* DCLimeDailyPreorderViewController.m */ = {isa = PBXFileReference; lastKnownFileType = sourcecode.c.objc; path = DCLimeDailyPreorderViewController.m; sourceTree = "<group>"; };
		DA59A4AC20B3311600372A01 /* PreorderLimeEntity.h */ = {isa = PBXFileReference; lastKnownFileType = sourcecode.c.h; path = PreorderLimeEntity.h; sourceTree = "<group>"; };
		DA59A4AD20B3311600372A01 /* PreorderLimeEntity.m */ = {isa = PBXFileReference; lastKnownFileType = sourcecode.c.objc; path = PreorderLimeEntity.m; sourceTree = "<group>"; };
		DA59A4AF20B331C900372A01 /* PreorderLimeEntityModel.h */ = {isa = PBXFileReference; lastKnownFileType = sourcecode.c.h; path = PreorderLimeEntityModel.h; sourceTree = "<group>"; };
		DA59A4B020B331C900372A01 /* PreorderLImeEntityModel.m */ = {isa = PBXFileReference; lastKnownFileType = sourcecode.c.objc; path = PreorderLImeEntityModel.m; sourceTree = "<group>"; };
		DA9AAC9120B7072800FCBC10 /* DCBaseItemDailyBuyViewController.h */ = {isa = PBXFileReference; lastKnownFileType = sourcecode.c.h; path = DCBaseItemDailyBuyViewController.h; sourceTree = "<group>"; };
		DA9AAC9220B7072800FCBC10 /* DCBaseItemDailyBuyViewController.m */ = {isa = PBXFileReference; lastKnownFileType = sourcecode.c.objc; path = DCBaseItemDailyBuyViewController.m; sourceTree = "<group>"; };
		DAA4478E20BD9064008396D8 /* HLCalendarMonthCollectionView.m */ = {isa = PBXFileReference; fileEncoding = 4; lastKnownFileType = sourcecode.c.objc; path = HLCalendarMonthCollectionView.m; sourceTree = "<group>"; };
		DAA4478F20BD9065008396D8 /* HLCalendarTableViewCell.m */ = {isa = PBXFileReference; fileEncoding = 4; lastKnownFileType = sourcecode.c.objc; path = HLCalendarTableViewCell.m; sourceTree = "<group>"; };
		DAA4479020BD9065008396D8 /* HLCalendarView.h */ = {isa = PBXFileReference; fileEncoding = 4; lastKnownFileType = sourcecode.c.h; path = HLCalendarView.h; sourceTree = "<group>"; };
		DAA4479120BD9065008396D8 /* HLCalendarDayCell.h */ = {isa = PBXFileReference; fileEncoding = 4; lastKnownFileType = sourcecode.c.h; path = HLCalendarDayCell.h; sourceTree = "<group>"; };
		DAA4479220BD9065008396D8 /* HLCalendarView.m */ = {isa = PBXFileReference; fileEncoding = 4; lastKnownFileType = sourcecode.c.objc; path = HLCalendarView.m; sourceTree = "<group>"; };
		DAA4479320BD9066008396D8 /* NSDate+HLCalendar.h */ = {isa = PBXFileReference; fileEncoding = 4; lastKnownFileType = sourcecode.c.h; path = "NSDate+HLCalendar.h"; sourceTree = "<group>"; };
		DAA4479420BD9066008396D8 /* NSDate+HLCalendar.m */ = {isa = PBXFileReference; fileEncoding = 4; lastKnownFileType = sourcecode.c.objc; path = "NSDate+HLCalendar.m"; sourceTree = "<group>"; };
		DAA4479520BD9066008396D8 /* HLCalendarMonthEntity.m */ = {isa = PBXFileReference; fileEncoding = 4; lastKnownFileType = sourcecode.c.objc; path = HLCalendarMonthEntity.m; sourceTree = "<group>"; };
		DAA4479620BD9067008396D8 /* HLCalendarDayCell.m */ = {isa = PBXFileReference; fileEncoding = 4; lastKnownFileType = sourcecode.c.objc; path = HLCalendarDayCell.m; sourceTree = "<group>"; };
		DAA4479720BD9067008396D8 /* HLCalendarMonthCollectionView.h */ = {isa = PBXFileReference; fileEncoding = 4; lastKnownFileType = sourcecode.c.h; path = HLCalendarMonthCollectionView.h; sourceTree = "<group>"; };
		DAA4479820BD9067008396D8 /* HLCalendarMonthEntity.h */ = {isa = PBXFileReference; fileEncoding = 4; lastKnownFileType = sourcecode.c.h; path = HLCalendarMonthEntity.h; sourceTree = "<group>"; };
		DAA4479920BD9067008396D8 /* HLCalendarTableViewCell.h */ = {isa = PBXFileReference; fileEncoding = 4; lastKnownFileType = sourcecode.c.h; path = HLCalendarTableViewCell.h; sourceTree = "<group>"; };
		DAB75CD920A93CA1007F7DA2 /* PrefixHeader.pch */ = {isa = PBXFileReference; lastKnownFileType = sourcecode.c.h; path = PrefixHeader.pch; sourceTree = "<group>"; };
		DAB75CDA20A94648007F7DA2 /* UINavigationItem+DC.h */ = {isa = PBXFileReference; lastKnownFileType = sourcecode.c.h; path = "UINavigationItem+DC.h"; sourceTree = "<group>"; };
		DAB75CDB20A94648007F7DA2 /* UINavigationItem+DC.m */ = {isa = PBXFileReference; lastKnownFileType = sourcecode.c.objc; path = "UINavigationItem+DC.m"; sourceTree = "<group>"; };
		DAB75CDD20A96FA0007F7DA2 /* DCCoalDailyUseViewController.h */ = {isa = PBXFileReference; lastKnownFileType = sourcecode.c.h; path = DCCoalDailyUseViewController.h; sourceTree = "<group>"; };
		DAB75CDE20A96FA0007F7DA2 /* DCCoalDailyUseViewController.m */ = {isa = PBXFileReference; lastKnownFileType = sourcecode.c.objc; path = DCCoalDailyUseViewController.m; sourceTree = "<group>"; };
		DAB75CE120A972B5007F7DA2 /* DCBaseSplitViewController.h */ = {isa = PBXFileReference; lastKnownFileType = sourcecode.c.h; path = DCBaseSplitViewController.h; sourceTree = "<group>"; };
		DAB75CE220A972B5007F7DA2 /* DCBaseSplitViewController.m */ = {isa = PBXFileReference; lastKnownFileType = sourcecode.c.objc; path = DCBaseSplitViewController.m; sourceTree = "<group>"; };
		DAB75CEB20A99AA6007F7DA2 /* UseCoalEntity.h */ = {isa = PBXFileReference; lastKnownFileType = sourcecode.c.h; path = UseCoalEntity.h; sourceTree = "<group>"; };
		DAB75CEC20A99AA6007F7DA2 /* UseCoalEntity.m */ = {isa = PBXFileReference; lastKnownFileType = sourcecode.c.objc; path = UseCoalEntity.m; sourceTree = "<group>"; };
		DAB75CF120A99D00007F7DA2 /* StoreLimeEntity.h */ = {isa = PBXFileReference; lastKnownFileType = sourcecode.c.h; path = StoreLimeEntity.h; sourceTree = "<group>"; };
		DAB75CF220A99D00007F7DA2 /* StoreLimeEntity.m */ = {isa = PBXFileReference; lastKnownFileType = sourcecode.c.objc; path = StoreLimeEntity.m; sourceTree = "<group>"; };
		DAB75CF520A99EF9007F7DA2 /* Model.xcdatamodel */ = {isa = PBXFileReference; lastKnownFileType = wrapper.xcdatamodel; path = Model.xcdatamodel; sourceTree = "<group>"; };
		DAB75D3C20A9A65C007F7DA2 /* BuyCoalEntityModel.h */ = {isa = PBXFileReference; lastKnownFileType = sourcecode.c.h; path = BuyCoalEntityModel.h; sourceTree = "<group>"; };
		DAB75D3D20A9A65C007F7DA2 /* BuyCoalEntityModel.m */ = {isa = PBXFileReference; lastKnownFileType = sourcecode.c.objc; path = BuyCoalEntityModel.m; sourceTree = "<group>"; };
		DAD71B6020AA7697007C56A7 /* DCCoreDataManager.h */ = {isa = PBXFileReference; lastKnownFileType = sourcecode.c.h; path = DCCoreDataManager.h; sourceTree = "<group>"; };
		DAD71B6120AA7697007C56A7 /* DCCoreDataManager.m */ = {isa = PBXFileReference; lastKnownFileType = sourcecode.c.objc; path = DCCoreDataManager.m; sourceTree = "<group>"; };
		DAD71B6320AAA9D4007C56A7 /* NSManagedObject+DC.h */ = {isa = PBXFileReference; lastKnownFileType = sourcecode.c.h; path = "NSManagedObject+DC.h"; sourceTree = "<group>"; };
		DAD71B6420AAA9D4007C56A7 /* NSManagedObject+DC.m */ = {isa = PBXFileReference; lastKnownFileType = sourcecode.c.objc; path = "NSManagedObject+DC.m"; sourceTree = "<group>"; };
		DAD71B7720AACF73007C56A7 /* UIAlertController+DC.h */ = {isa = PBXFileReference; lastKnownFileType = sourcecode.c.h; path = "UIAlertController+DC.h"; sourceTree = "<group>"; };
		DAD71B7820AACF73007C56A7 /* UIAlertController+DC.m */ = {isa = PBXFileReference; lastKnownFileType = sourcecode.c.objc; path = "UIAlertController+DC.m"; sourceTree = "<group>"; };
		DADCDE8A20ADA43D00BDB555 /* DCNotificationManager.h */ = {isa = PBXFileReference; lastKnownFileType = sourcecode.c.h; path = DCNotificationManager.h; sourceTree = "<group>"; };
		DADCDE8B20ADA43D00BDB555 /* DCNotificationManager.m */ = {isa = PBXFileReference; lastKnownFileType = sourcecode.c.objc; path = DCNotificationManager.m; sourceTree = "<group>"; };
		DADCDE8D20ADBC7800BDB555 /* DCBaseViewController.h */ = {isa = PBXFileReference; lastKnownFileType = sourcecode.c.h; path = DCBaseViewController.h; sourceTree = "<group>"; };
		DADCDE8E20ADBC7800BDB555 /* DCBaseViewController.m */ = {isa = PBXFileReference; lastKnownFileType = sourcecode.c.objc; path = DCBaseViewController.m; sourceTree = "<group>"; };
		DADCDE9020AE7D6400BDB555 /* UseCoalEntityModel.h */ = {isa = PBXFileReference; lastKnownFileType = sourcecode.c.h; path = UseCoalEntityModel.h; sourceTree = "<group>"; };
		DADCDE9120AE7D6400BDB555 /* UseCoalEntityModel.m */ = {isa = PBXFileReference; lastKnownFileType = sourcecode.c.objc; path = UseCoalEntityModel.m; sourceTree = "<group>"; };
		DADCDE9320AE81E700BDB555 /* DCBaseTableView.h */ = {isa = PBXFileReference; lastKnownFileType = sourcecode.c.h; path = DCBaseTableView.h; sourceTree = "<group>"; };
		DADCDE9420AE81E700BDB555 /* DCBaseTableView.m */ = {isa = PBXFileReference; lastKnownFileType = sourcecode.c.objc; path = DCBaseTableView.m; sourceTree = "<group>"; };
		DADCDE9620AE893E00BDB555 /* KeyboardAvoidingScrollView.h */ = {isa = PBXFileReference; lastKnownFileType = sourcecode.c.h; path = KeyboardAvoidingScrollView.h; sourceTree = "<group>"; };
		DADCDE9720AE893E00BDB555 /* KeyboardAvoidingScrollView.m */ = {isa = PBXFileReference; lastKnownFileType = sourcecode.c.objc; path = KeyboardAvoidingScrollView.m; sourceTree = "<group>"; };
		DAF1097520BB0C9200B78167 /* DCSearchCarAndUserManager.h */ = {isa = PBXFileReference; lastKnownFileType = sourcecode.c.h; path = DCSearchCarAndUserManager.h; sourceTree = "<group>"; };
		DAF1097620BB0C9200B78167 /* DCSearchCarAndUserManager.m */ = {isa = PBXFileReference; lastKnownFileType = sourcecode.c.objc; path = DCSearchCarAndUserManager.m; sourceTree = "<group>"; };
/* End PBXFileReference section */

/* Begin PBXFrameworksBuildPhase section */
		DA04C18020A52BD700DA4233 /* Frameworks */ = {
			isa = PBXFrameworksBuildPhase;
			buildActionMask = 2147483647;
			files = (
				307F57D9EB4892541C9518F3 /* libPods-daily.a in Frameworks */,
			);
			runOnlyForDeploymentPostprocessing = 0;
		};
		DA04C19B20A52BD700DA4233 /* Frameworks */ = {
			isa = PBXFrameworksBuildPhase;
			buildActionMask = 2147483647;
			files = (
			);
			runOnlyForDeploymentPostprocessing = 0;
		};
		DA04C1A620A52BD800DA4233 /* Frameworks */ = {
			isa = PBXFrameworksBuildPhase;
			buildActionMask = 2147483647;
			files = (
			);
			runOnlyForDeploymentPostprocessing = 0;
		};
/* End PBXFrameworksBuildPhase section */

/* Begin PBXGroup section */
		188B6C2CB275D6AE50722C39 /* Pods */ = {
			isa = PBXGroup;
			children = (
				0F000AE1E9B14D68722DF093 /* Pods-daily.debug.xcconfig */,
				8CD7F6DA6F7EE25A650084CB /* Pods-daily.release.xcconfig */,
			);
			name = Pods;
			sourceTree = "<group>";
		};
		710CBD7B70C7DC49C2667CA0 /* Frameworks */ = {
			isa = PBXGroup;
			children = (
				85E1EF3D37398E894A2D0E99 /* libPods-daily.a */,
			);
			name = Frameworks;
			sourceTree = "<group>";
		};
		DA04C17A20A52BD700DA4233 = {
			isa = PBXGroup;
			children = (
				DA04C18520A52BD700DA4233 /* daily */,
				DA04C1A120A52BD700DA4233 /* dailyTests */,
				DA04C1AC20A52BD800DA4233 /* dailyUITests */,
				DA04C18420A52BD700DA4233 /* Products */,
				188B6C2CB275D6AE50722C39 /* Pods */,
				710CBD7B70C7DC49C2667CA0 /* Frameworks */,
			);
			sourceTree = "<group>";
		};
		DA04C18420A52BD700DA4233 /* Products */ = {
			isa = PBXGroup;
			children = (
				DA04C18320A52BD700DA4233 /* daily.app */,
				DA04C19E20A52BD700DA4233 /* dailyTests.xctest */,
				DA04C1A920A52BD800DA4233 /* dailyUITests.xctest */,
			);
			name = Products;
			sourceTree = "<group>";
		};
		DA04C18520A52BD700DA4233 /* daily */ = {
			isa = PBXGroup;
			children = (
				DAD71B5E20AA75D8007C56A7 /* Manager */,
				DAB75CFA20A9A392007F7DA2 /* CoreData */,
				DA50317D20A5A00100259959 /* Component */,
				DA50317920A59E5700259959 /* Common */,
				DAB75CE420A9944D007F7DA2 /* Model */,
				DA50316620A583B800259959 /* Modules */,
				DA04C18620A52BD700DA4233 /* AppDelegate.h */,
				DA04C18720A52BD700DA4233 /* AppDelegate.m */,
				DA04C19220A52BD700DA4233 /* Assets.xcassets */,
				DAB75CD920A93CA1007F7DA2 /* PrefixHeader.pch */,
				DA04C19420A52BD700DA4233 /* LaunchScreen.storyboard */,
				DA04C19720A52BD700DA4233 /* Info.plist */,
				DA04C19820A52BD700DA4233 /* main.m */,
			);
			path = daily;
			sourceTree = "<group>";
		};
		DA04C1A120A52BD700DA4233 /* dailyTests */ = {
			isa = PBXGroup;
			children = (
				DA04C1A220A52BD700DA4233 /* dailyTests.m */,
				DA04C1A420A52BD700DA4233 /* Info.plist */,
			);
			path = dailyTests;
			sourceTree = "<group>";
		};
		DA04C1AC20A52BD800DA4233 /* dailyUITests */ = {
			isa = PBXGroup;
			children = (
				DA04C1AD20A52BD800DA4233 /* dailyUITests.m */,
				DA04C1AF20A52BD800DA4233 /* Info.plist */,
			);
			path = dailyUITests;
			sourceTree = "<group>";
		};
		DA50316620A583B800259959 /* Modules */ = {
			isa = PBXGroup;
			children = (
				DAF1097420BB0C7F00B78167 /* Search */,
				DAB75CE020A9728E007F7DA2 /* Base */,
				DA59A43920B0268E00372A01 /* Stone */,
				DA50316F20A58AAF00259959 /* Lime */,
				DA50316B20A587C200259959 /* Coal */,
				DA50316720A583F600259959 /* Tabbar */,
			);
			path = Modules;
			sourceTree = "<group>";
		};
		DA50316720A583F600259959 /* Tabbar */ = {
			isa = PBXGroup;
			children = (
				DA50316820A5847800259959 /* DCTabbarViewController.h */,
				DA50316920A5847800259959 /* DCTabbarViewController.m */,
			);
			path = Tabbar;
			sourceTree = "<group>";
		};
		DA50316B20A587C200259959 /* Coal */ = {
			isa = PBXGroup;
			children = (
				DA50316C20A588B500259959 /* DCCoalSplitViewController.h */,
				DA50316D20A588B500259959 /* DCCoalSplitViewController.m */,
				DA50317320A58B9000259959 /* DCCoalMenuViewController.h */,
				DA50317420A58B9000259959 /* DCCoalMenuViewController.m */,
				DA048CA120AB284F0086B9A4 /* DCCoalDailyBuyViewController.h */,
				DA048CA220AB284F0086B9A4 /* DCCoalDailyBuyViewController.m */,
				DAB75CDD20A96FA0007F7DA2 /* DCCoalDailyUseViewController.h */,
				DAB75CDE20A96FA0007F7DA2 /* DCCoalDailyUseViewController.m */,
				DA59A48920B1D39400372A01 /* DCCoalDailyStoreViewController.h */,
				DA59A48A20B1D39400372A01 /* DCCoalDailyStoreViewController.m */,
			);
			path = Coal;
			sourceTree = "<group>";
		};
		DA50316F20A58AAF00259959 /* Lime */ = {
			isa = PBXGroup;
			children = (
				DA50317020A58B3600259959 /* DCLimeSplitViewController.h */,
				DA50317120A58B3600259959 /* DCLimeSplitViewController.m */,
				DA50317620A590E000259959 /* DCLimeMenuViewController.h */,
				DA50317720A590E000259959 /* DCLimeMenuViewController.m */,
				DA59A42D20B0087600372A01 /* DCLimeDailySellViewController.h */,
				DA59A42E20B0087600372A01 /* DCLimeDailySellViewController.m */,
				DA59A4A920B32C2200372A01 /* DCLimeDailyPreorderViewController.h */,
				DA59A4AA20B32C2200372A01 /* DCLimeDailyPreorderViewController.m */,
			);
			path = Lime;
			sourceTree = "<group>";
		};
		DA50317920A59E5700259959 /* Common */ = {
			isa = PBXGroup;
			children = (
				DA50317A20A59E9400259959 /* DCConstant.h */,
				DA50317B20A59E9400259959 /* DCConstant.m */,
			);
			path = Common;
			sourceTree = "<group>";
		};
		DA50317D20A5A00100259959 /* Component */ = {
			isa = PBXGroup;
			children = (
				DAA4478D20BD8FD8008396D8 /* HLCalendar */,
				DA59A47A20B16C0600372A01 /* UIView+NuiView.h */,
				DA59A47B20B16C0600372A01 /* UIView+NuiView.m */,
				DA50317E20A5A06800259959 /* UIColor+DC.h */,
				DA50317F20A5A06800259959 /* UIColor+DC.m */,
				DAB75CDA20A94648007F7DA2 /* UINavigationItem+DC.h */,
				DAB75CDB20A94648007F7DA2 /* UINavigationItem+DC.m */,
				DAD71B7720AACF73007C56A7 /* UIAlertController+DC.h */,
				DAD71B7820AACF73007C56A7 /* UIAlertController+DC.m */,
				DA048CA420AB3ACE0086B9A4 /* UIViewController+DC.h */,
				DA048CA720AB3B760086B9A4 /* DCPopupTransitionDelegate.h */,
				DA048CA820AB3B760086B9A4 /* DCPopupTransitionDelegate.m */,
				DA048CA520AB3ACE0086B9A4 /* UIViewController+DC.m */,
				DADCDE9620AE893E00BDB555 /* KeyboardAvoidingScrollView.h */,
				DADCDE9720AE893E00BDB555 /* KeyboardAvoidingScrollView.m */,
				DA59A47420B099F600372A01 /* DCPlateKeyBoardView.h */,
				DA59A47520B099F600372A01 /* DCPlateKeyBoardView.m */,
			);
			path = Component;
			sourceTree = "<group>";
		};
		DA59A43920B0268E00372A01 /* Stone */ = {
			isa = PBXGroup;
			children = (
				DA59A46E20B0308600372A01 /* DCStoneDailyUseViewController.h */,
				DA59A46D20B0308600372A01 /* DCStoneDailyUseViewController.m */,
				DA59A46A20B0302F00372A01 /* DCStoneMenuViewController.h */,
				DA59A46B20B0302F00372A01 /* DCStoneMenuViewController.m */,
				DA59A46420B02F7600372A01 /* DCStoneDailyBuyViewController.h */,
				DA59A46520B02F7600372A01 /* DCStoneDailyBuyViewController.m */,
				DA59A45B20B02DFA00372A01 /* DCStoneSplitViewController.h */,
				DA59A45A20B02DFA00372A01 /* DCStoneSplitViewController.m */,
				DA59A4A320B327CA00372A01 /* DCStoneDailyStoreViewController.h */,
				DA59A4A420B327CA00372A01 /* DCStoneDailyStoreViewController.m */,
			);
			path = Stone;
			sourceTree = "<group>";
		};
		DAA4478D20BD8FD8008396D8 /* HLCalendar */ = {
			isa = PBXGroup;
			children = (
				DAA4479120BD9065008396D8 /* HLCalendarDayCell.h */,
				DAA4479620BD9067008396D8 /* HLCalendarDayCell.m */,
				DAA4479720BD9067008396D8 /* HLCalendarMonthCollectionView.h */,
				DAA4478E20BD9064008396D8 /* HLCalendarMonthCollectionView.m */,
				DAA4479820BD9067008396D8 /* HLCalendarMonthEntity.h */,
				DAA4479520BD9066008396D8 /* HLCalendarMonthEntity.m */,
				DAA4479920BD9067008396D8 /* HLCalendarTableViewCell.h */,
				DAA4478F20BD9065008396D8 /* HLCalendarTableViewCell.m */,
				DAA4479020BD9065008396D8 /* HLCalendarView.h */,
				DAA4479220BD9065008396D8 /* HLCalendarView.m */,
				DAA4479320BD9066008396D8 /* NSDate+HLCalendar.h */,
				DAA4479420BD9066008396D8 /* NSDate+HLCalendar.m */,
			);
			path = HLCalendar;
			sourceTree = "<group>";
		};
		DAB75CE020A9728E007F7DA2 /* Base */ = {
			isa = PBXGroup;
			children = (
				DAB75CE120A972B5007F7DA2 /* DCBaseSplitViewController.h */,
				DAB75CE220A972B5007F7DA2 /* DCBaseSplitViewController.m */,
				DADCDE8D20ADBC7800BDB555 /* DCBaseViewController.h */,
				DADCDE8E20ADBC7800BDB555 /* DCBaseViewController.m */,
				DADCDE9320AE81E700BDB555 /* DCBaseTableView.h */,
				DADCDE9420AE81E700BDB555 /* DCBaseTableView.m */,
				DA59A42A20B0067700372A01 /* DCBaseUpdateEntityViewController.h */,
				DA59A42B20B0067700372A01 /* DCBaseUpdateEntityViewController.m */,
				DA59A43620B020A700372A01 /* DCBaseMenuViewController.h */,
				DA59A43720B020A700372A01 /* DCBaseMenuViewController.m */,
				DA9AAC9120B7072800FCBC10 /* DCBaseItemDailyBuyViewController.h */,
				DA9AAC9220B7072800FCBC10 /* DCBaseItemDailyBuyViewController.m */,
			);
			path = Base;
			sourceTree = "<group>";
		};
		DAB75CE420A9944D007F7DA2 /* Model */ = {
			isa = PBXGroup;
			children = (
				DA59A4A020B3114900372A01 /* BaseItemEntity.h */,
				DA59A4A120B3114900372A01 /* BaseItemEntity.m */,
				DA59A44620B027B100372A01 /* UseStoneEntity.h */,
				DA59A44820B027B100372A01 /* UseStoneEntity.m */,
				DAB75CEB20A99AA6007F7DA2 /* UseCoalEntity.h */,
				DAB75CEC20A99AA6007F7DA2 /* UseCoalEntity.m */,
				DAB75CF120A99D00007F7DA2 /* StoreLimeEntity.h */,
				DAB75CF220A99D00007F7DA2 /* StoreLimeEntity.m */,
				DA59A48020B180CD00372A01 /* CustomerEntity.h */,
				DA59A48120B180CD00372A01 /* CustomerEntity.m */,
				DA59A48620B1C80200372A01 /* OperatorEntity.h */,
				DA59A48720B1C80200372A01 /* OperatorEntity.m */,
				DA59A48C20B1D89100372A01 /* StoreCoalEntity.h */,
				DA59A48D20B1D89100372A01 /* StoreCoalEntity.m */,
				DA59A4A620B3281700372A01 /* StoreStoneEntity.h */,
				DA59A4A720B3281700372A01 /* StoreStoneEntity.m */,
				DA59A4AC20B3311600372A01 /* PreorderLimeEntity.h */,
				DA59A4AD20B3311600372A01 /* PreorderLimeEntity.m */,
			);
			path = Model;
			sourceTree = "<group>";
		};
		DAB75CFA20A9A392007F7DA2 /* CoreData */ = {
			isa = PBXGroup;
			children = (
				DAB75CF420A99EF9007F7DA2 /* Model.xcdatamodeld */,
				DA59A44F20B028AD00372A01 /* BuyStoneEntityModel.h */,
				DA59A44C20B028AD00372A01 /* BuyStoneEntityModel.m */,
				DA59A44D20B028AD00372A01 /* UseStoneEntityModel.h */,
				DA59A44E20B028AD00372A01 /* UseStoneEntityModel.m */,
				DAB75D3C20A9A65C007F7DA2 /* BuyCoalEntityModel.h */,
				DAB75D3D20A9A65C007F7DA2 /* BuyCoalEntityModel.m */,
				DADCDE9020AE7D6400BDB555 /* UseCoalEntityModel.h */,
				DADCDE9120AE7D6400BDB555 /* UseCoalEntityModel.m */,
				DA59A43320B00EF100372A01 /* SellLimeEntityModel.h */,
				DA59A43420B00EF100372A01 /* SellLimeEntityModel.m */,
				DA59A47D20B17F2F00372A01 /* CustomerEntityModel.h */,
				DA59A47E20B17F2F00372A01 /* CustomerEntityModel.m */,
				DA59A48320B1C7CD00372A01 /* OperatorEntityModel.h */,
				DA59A48420B1C7CD00372A01 /* OperatorEntityModel.m */,
				DA59A48F20B1D96C00372A01 /* StoneCoalEntityModel.h */,
				DA59A49020B1D96C00372A01 /* StoneCoalEntityModel.m */,
				DA59A4AF20B331C900372A01 /* PreorderLimeEntityModel.h */,
				DA59A4B020B331C900372A01 /* PreorderLImeEntityModel.m */,
			);
			path = CoreData;
			sourceTree = "<group>";
		};
		DAD71B5E20AA75D8007C56A7 /* Manager */ = {
			isa = PBXGroup;
			children = (
				DADCDE8920ADA3A300BDB555 /* NotificationManager */,
				DAD71B5F20AA75E1007C56A7 /* CoreDataManager */,
			);
			path = Manager;
			sourceTree = "<group>";
		};
		DAD71B5F20AA75E1007C56A7 /* CoreDataManager */ = {
			isa = PBXGroup;
			children = (
				DAD71B6020AA7697007C56A7 /* DCCoreDataManager.h */,
				DAD71B6120AA7697007C56A7 /* DCCoreDataManager.m */,
				DAD71B6320AAA9D4007C56A7 /* NSManagedObject+DC.h */,
				DAD71B6420AAA9D4007C56A7 /* NSManagedObject+DC.m */,
			);
			path = CoreDataManager;
			sourceTree = "<group>";
		};
		DADCDE8920ADA3A300BDB555 /* NotificationManager */ = {
			isa = PBXGroup;
			children = (
				DADCDE8A20ADA43D00BDB555 /* DCNotificationManager.h */,
				DADCDE8B20ADA43D00BDB555 /* DCNotificationManager.m */,
			);
			path = NotificationManager;
			sourceTree = "<group>";
		};
		DAF1097420BB0C7F00B78167 /* Search */ = {
			isa = PBXGroup;
			children = (
				DAF1097520BB0C9200B78167 /* DCSearchCarAndUserManager.h */,
				DAF1097620BB0C9200B78167 /* DCSearchCarAndUserManager.m */,
			);
			path = Search;
			sourceTree = "<group>";
		};
/* End PBXGroup section */

/* Begin PBXNativeTarget section */
		DA04C18220A52BD700DA4233 /* daily */ = {
			isa = PBXNativeTarget;
			buildConfigurationList = DA04C1B220A52BD800DA4233 /* Build configuration list for PBXNativeTarget "daily" */;
			buildPhases = (
				31144AD889415AE50E328C7D /* [CP] Check Pods Manifest.lock */,
				DA04C17F20A52BD700DA4233 /* Sources */,
				DA04C18020A52BD700DA4233 /* Frameworks */,
				DA04C18120A52BD700DA4233 /* Resources */,
			);
			buildRules = (
				DAB75CF920A9A373007F7DA2 /* PBXBuildRule */,
			);
			dependencies = (
			);
			name = daily;
			productName = daily;
			productReference = DA04C18320A52BD700DA4233 /* daily.app */;
			productType = "com.apple.product-type.application";
		};
		DA04C19D20A52BD700DA4233 /* dailyTests */ = {
			isa = PBXNativeTarget;
			buildConfigurationList = DA04C1B520A52BD800DA4233 /* Build configuration list for PBXNativeTarget "dailyTests" */;
			buildPhases = (
				DA04C19A20A52BD700DA4233 /* Sources */,
				DA04C19B20A52BD700DA4233 /* Frameworks */,
				DA04C19C20A52BD700DA4233 /* Resources */,
			);
			buildRules = (
			);
			dependencies = (
				DA04C1A020A52BD700DA4233 /* PBXTargetDependency */,
			);
			name = dailyTests;
			productName = dailyTests;
			productReference = DA04C19E20A52BD700DA4233 /* dailyTests.xctest */;
			productType = "com.apple.product-type.bundle.unit-test";
		};
		DA04C1A820A52BD800DA4233 /* dailyUITests */ = {
			isa = PBXNativeTarget;
			buildConfigurationList = DA04C1B820A52BD800DA4233 /* Build configuration list for PBXNativeTarget "dailyUITests" */;
			buildPhases = (
				DA04C1A520A52BD800DA4233 /* Sources */,
				DA04C1A620A52BD800DA4233 /* Frameworks */,
				DA04C1A720A52BD800DA4233 /* Resources */,
			);
			buildRules = (
			);
			dependencies = (
				DA04C1AB20A52BD800DA4233 /* PBXTargetDependency */,
			);
			name = dailyUITests;
			productName = dailyUITests;
			productReference = DA04C1A920A52BD800DA4233 /* dailyUITests.xctest */;
			productType = "com.apple.product-type.bundle.ui-testing";
		};
/* End PBXNativeTarget section */

/* Begin PBXProject section */
		DA04C17B20A52BD700DA4233 /* Project object */ = {
			isa = PBXProject;
			attributes = {
				LastUpgradeCheck = 0920;
				ORGANIZATIONNAME = Justek;
				TargetAttributes = {
					DA04C18220A52BD700DA4233 = {
						CreatedOnToolsVersion = 9.2;
						ProvisioningStyle = Automatic;
					};
					DA04C19D20A52BD700DA4233 = {
						CreatedOnToolsVersion = 9.2;
						ProvisioningStyle = Automatic;
						TestTargetID = DA04C18220A52BD700DA4233;
					};
					DA04C1A820A52BD800DA4233 = {
						CreatedOnToolsVersion = 9.2;
						ProvisioningStyle = Automatic;
						TestTargetID = DA04C18220A52BD700DA4233;
					};
				};
			};
			buildConfigurationList = DA04C17E20A52BD700DA4233 /* Build configuration list for PBXProject "daily" */;
			compatibilityVersion = "Xcode 8.0";
			developmentRegion = en;
			hasScannedForEncodings = 0;
			knownRegions = (
				en,
				Base,
			);
			mainGroup = DA04C17A20A52BD700DA4233;
			productRefGroup = DA04C18420A52BD700DA4233 /* Products */;
			projectDirPath = "";
			projectRoot = "";
			targets = (
				DA04C18220A52BD700DA4233 /* daily */,
				DA04C19D20A52BD700DA4233 /* dailyTests */,
				DA04C1A820A52BD800DA4233 /* dailyUITests */,
			);
		};
/* End PBXProject section */

/* Begin PBXResourcesBuildPhase section */
		DA04C18120A52BD700DA4233 /* Resources */ = {
			isa = PBXResourcesBuildPhase;
			buildActionMask = 2147483647;
			files = (
				DA04C19620A52BD700DA4233 /* LaunchScreen.storyboard in Resources */,
				DA04C19320A52BD700DA4233 /* Assets.xcassets in Resources */,
			);
			runOnlyForDeploymentPostprocessing = 0;
		};
		DA04C19C20A52BD700DA4233 /* Resources */ = {
			isa = PBXResourcesBuildPhase;
			buildActionMask = 2147483647;
			files = (
			);
			runOnlyForDeploymentPostprocessing = 0;
		};
		DA04C1A720A52BD800DA4233 /* Resources */ = {
			isa = PBXResourcesBuildPhase;
			buildActionMask = 2147483647;
			files = (
			);
			runOnlyForDeploymentPostprocessing = 0;
		};
/* End PBXResourcesBuildPhase section */

/* Begin PBXShellScriptBuildPhase section */
		31144AD889415AE50E328C7D /* [CP] Check Pods Manifest.lock */ = {
			isa = PBXShellScriptBuildPhase;
			buildActionMask = 2147483647;
			files = (
			);
			inputPaths = (
				"${PODS_PODFILE_DIR_PATH}/Podfile.lock",
				"${PODS_ROOT}/Manifest.lock",
			);
			name = "[CP] Check Pods Manifest.lock";
			outputPaths = (
				"$(DERIVED_FILE_DIR)/Pods-daily-checkManifestLockResult.txt",
			);
			runOnlyForDeploymentPostprocessing = 0;
			shellPath = /bin/sh;
			shellScript = "diff \"${PODS_PODFILE_DIR_PATH}/Podfile.lock\" \"${PODS_ROOT}/Manifest.lock\" > /dev/null\nif [ $? != 0 ] ; then\n    # print error to STDERR\n    echo \"error: The sandbox is not in sync with the Podfile.lock. Run 'pod install' or update your CocoaPods installation.\" >&2\n    exit 1\nfi\n# This output is used by Xcode 'outputs' to avoid re-running this script phase.\necho \"SUCCESS\" > \"${SCRIPT_OUTPUT_FILE_0}\"\n";
			showEnvVarsInLog = 0;
		};
/* End PBXShellScriptBuildPhase section */

/* Begin PBXSourcesBuildPhase section */
		DA04C17F20A52BD700DA4233 /* Sources */ = {
			isa = PBXSourcesBuildPhase;
			buildActionMask = 2147483647;
			files = (
				DA9AAC9320B7072800FCBC10 /* DCBaseItemDailyBuyViewController.m in Sources */,
				DAB75D3E20A9A65C007F7DA2 /* BuyCoalEntityModel.m in Sources */,
				DADCDE9520AE81E700BDB555 /* DCBaseTableView.m in Sources */,
				DAA4479D20BD9067008396D8 /* NSDate+HLCalendar.m in Sources */,
				DA50317C20A59E9400259959 /* DCConstant.m in Sources */,
				DA04C18820A52BD700DA4233 /* AppDelegate.m in Sources */,
				DA59A46620B02F7600372A01 /* DCStoneDailyBuyViewController.m in Sources */,
				DA04C19920A52BD700DA4233 /* main.m in Sources */,
				DAB75CE320A972B5007F7DA2 /* DCBaseSplitViewController.m in Sources */,
				DAB75CDC20A94648007F7DA2 /* UINavigationItem+DC.m in Sources */,
				DA59A48220B180CD00372A01 /* CustomerEntity.m in Sources */,
				DA50317820A590E000259959 /* DCLimeMenuViewController.m in Sources */,
				DADCDE9220AE7D6400BDB555 /* UseCoalEntityModel.m in Sources */,
				DA59A47C20B16C0700372A01 /* UIView+NuiView.m in Sources */,
				DA59A47620B099F600372A01 /* DCPlateKeyBoardView.m in Sources */,
				DA50316A20A5847800259959 /* DCTabbarViewController.m in Sources */,
				DA50317520A58B9000259959 /* DCCoalMenuViewController.m in Sources */,
				DAB75CF620A99EF9007F7DA2 /* Model.xcdatamodeld in Sources */,
				DA59A48E20B1D89100372A01 /* StoreCoalEntity.m in Sources */,
				DAD71B6520AAA9D4007C56A7 /* NSManagedObject+DC.m in Sources */,
				DA59A47F20B17F2F00372A01 /* CustomerEntityModel.m in Sources */,
				DAA4479B20BD9067008396D8 /* HLCalendarTableViewCell.m in Sources */,
				DA50317220A58B3600259959 /* DCLimeSplitViewController.m in Sources */,
				DA59A48820B1C80200372A01 /* OperatorEntity.m in Sources */,
				DA50318020A5A06800259959 /* UIColor+DC.m in Sources */,
				DADCDE8C20ADA43D00BDB555 /* DCNotificationManager.m in Sources */,
				DA59A4A820B3281700372A01 /* StoreStoneEntity.m in Sources */,
				DA59A4AB20B32C2200372A01 /* DCLimeDailyPreorderViewController.m in Sources */,
				DA59A46C20B0302F00372A01 /* DCStoneMenuViewController.m in Sources */,
				DA59A43820B020A700372A01 /* DCBaseMenuViewController.m in Sources */,
				DA50316E20A588B500259959 /* DCCoalSplitViewController.m in Sources */,
				DAA4479C20BD9067008396D8 /* HLCalendarView.m in Sources */,
				DAA4479A20BD9067008396D8 /* HLCalendarMonthCollectionView.m in Sources */,
				DA59A4AE20B3311600372A01 /* PreorderLimeEntity.m in Sources */,
				DA59A46120B02DFA00372A01 /* DCStoneSplitViewController.m in Sources */,
				DA59A46F20B0308600372A01 /* DCStoneDailyUseViewController.m in Sources */,
				DADCDE8F20ADBC7800BDB555 /* DCBaseViewController.m in Sources */,
				DA59A4A520B327CA00372A01 /* DCStoneDailyStoreViewController.m in Sources */,
				DA59A45020B028AD00372A01 /* BuyStoneEntityModel.m in Sources */,
				DAA4479E20BD9067008396D8 /* HLCalendarMonthEntity.m in Sources */,
				DA048CA920AB3B760086B9A4 /* DCPopupTransitionDelegate.m in Sources */,
				DAB75CDF20A96FA0007F7DA2 /* DCCoalDailyUseViewController.m in Sources */,
				DAF1097720BB0C9200B78167 /* DCSearchCarAndUserManager.m in Sources */,
				DA59A48520B1C7CD00372A01 /* OperatorEntityModel.m in Sources */,
				DA59A44B20B027B100372A01 /* UseStoneEntity.m in Sources */,
				DA59A49120B1D96C00372A01 /* StoneCoalEntityModel.m in Sources */,
				DA59A43520B00EF100372A01 /* SellLimeEntityModel.m in Sources */,
				DAA4479F20BD9067008396D8 /* HLCalendarDayCell.m in Sources */,
				DAB75CF320A99D00007F7DA2 /* StoreLimeEntity.m in Sources */,
				DA59A42C20B0067700372A01 /* DCBaseUpdateEntityViewController.m in Sources */,
				DAD71B6220AA7697007C56A7 /* DCCoreDataManager.m in Sources */,
				DA59A45120B028AD00372A01 /* UseStoneEntityModel.m in Sources */,
				DA59A4B120B331C900372A01 /* PreorderLImeEntityModel.m in Sources */,
				DA59A42F20B0087600372A01 /* DCLimeDailySellViewController.m in Sources */,
				DA59A4A220B3114900372A01 /* BaseItemEntity.m in Sources */,
				DADCDE9820AE893E00BDB555 /* KeyboardAvoidingScrollView.m in Sources */,
				DA59A48B20B1D39400372A01 /* DCCoalDailyStoreViewController.m in Sources */,
				DAD71B7920AACF73007C56A7 /* UIAlertController+DC.m in Sources */,
				DAB75CED20A99AA6007F7DA2 /* UseCoalEntity.m in Sources */,
				DA048CA620AB3ACE0086B9A4 /* UIViewController+DC.m in Sources */,
				DA048CA320AB284F0086B9A4 /* DCCoalDailyBuyViewController.m in Sources */,
			);
			runOnlyForDeploymentPostprocessing = 0;
		};
		DA04C19A20A52BD700DA4233 /* Sources */ = {
			isa = PBXSourcesBuildPhase;
			buildActionMask = 2147483647;
			files = (
				DA04C1A320A52BD700DA4233 /* dailyTests.m in Sources */,
			);
			runOnlyForDeploymentPostprocessing = 0;
		};
		DA04C1A520A52BD800DA4233 /* Sources */ = {
			isa = PBXSourcesBuildPhase;
			buildActionMask = 2147483647;
			files = (
				DA04C1AE20A52BD800DA4233 /* dailyUITests.m in Sources */,
			);
			runOnlyForDeploymentPostprocessing = 0;
		};
/* End PBXSourcesBuildPhase section */

/* Begin PBXTargetDependency section */
		DA04C1A020A52BD700DA4233 /* PBXTargetDependency */ = {
			isa = PBXTargetDependency;
			target = DA04C18220A52BD700DA4233 /* daily */;
			targetProxy = DA04C19F20A52BD700DA4233 /* PBXContainerItemProxy */;
		};
		DA04C1AB20A52BD800DA4233 /* PBXTargetDependency */ = {
			isa = PBXTargetDependency;
			target = DA04C18220A52BD700DA4233 /* daily */;
			targetProxy = DA04C1AA20A52BD800DA4233 /* PBXContainerItemProxy */;
		};
/* End PBXTargetDependency section */

/* Begin PBXVariantGroup section */
		DA04C19420A52BD700DA4233 /* LaunchScreen.storyboard */ = {
			isa = PBXVariantGroup;
			children = (
				DA04C19520A52BD700DA4233 /* Base */,
			);
			name = LaunchScreen.storyboard;
			sourceTree = "<group>";
		};
/* End PBXVariantGroup section */

/* Begin XCBuildConfiguration section */
		DA04C1B020A52BD800DA4233 /* Debug */ = {
			isa = XCBuildConfiguration;
			buildSettings = {
				ALWAYS_SEARCH_USER_PATHS = NO;
				CLANG_ANALYZER_NONNULL = YES;
				CLANG_ANALYZER_NUMBER_OBJECT_CONVERSION = YES_AGGRESSIVE;
				CLANG_CXX_LANGUAGE_STANDARD = "gnu++14";
				CLANG_CXX_LIBRARY = "libc++";
				CLANG_ENABLE_MODULES = YES;
				CLANG_ENABLE_OBJC_ARC = YES;
				CLANG_WARN_BLOCK_CAPTURE_AUTORELEASING = YES;
				CLANG_WARN_BOOL_CONVERSION = YES;
				CLANG_WARN_COMMA = YES;
				CLANG_WARN_CONSTANT_CONVERSION = YES;
				CLANG_WARN_DIRECT_OBJC_ISA_USAGE = YES_ERROR;
				CLANG_WARN_DOCUMENTATION_COMMENTS = YES;
				CLANG_WARN_EMPTY_BODY = YES;
				CLANG_WARN_ENUM_CONVERSION = YES;
				CLANG_WARN_INFINITE_RECURSION = YES;
				CLANG_WARN_INT_CONVERSION = YES;
				CLANG_WARN_NON_LITERAL_NULL_CONVERSION = YES;
				CLANG_WARN_OBJC_LITERAL_CONVERSION = YES;
				CLANG_WARN_OBJC_ROOT_CLASS = YES_ERROR;
				CLANG_WARN_RANGE_LOOP_ANALYSIS = YES;
				CLANG_WARN_STRICT_PROTOTYPES = YES;
				CLANG_WARN_SUSPICIOUS_MOVE = YES;
				CLANG_WARN_UNGUARDED_AVAILABILITY = YES_AGGRESSIVE;
				CLANG_WARN_UNREACHABLE_CODE = YES;
				CLANG_WARN__DUPLICATE_METHOD_MATCH = YES;
				CODE_SIGN_IDENTITY = "iPhone Developer";
				COPY_PHASE_STRIP = NO;
				DEBUG_INFORMATION_FORMAT = dwarf;
				ENABLE_STRICT_OBJC_MSGSEND = YES;
				ENABLE_TESTABILITY = YES;
				GCC_C_LANGUAGE_STANDARD = gnu11;
				GCC_DYNAMIC_NO_PIC = NO;
				GCC_NO_COMMON_BLOCKS = YES;
				GCC_OPTIMIZATION_LEVEL = 0;
				GCC_PREPROCESSOR_DEFINITIONS = (
					"DEBUG=1",
					"$(inherited)",
				);
				GCC_WARN_64_TO_32_BIT_CONVERSION = YES;
				GCC_WARN_ABOUT_RETURN_TYPE = YES_ERROR;
				GCC_WARN_UNDECLARED_SELECTOR = YES;
				GCC_WARN_UNINITIALIZED_AUTOS = YES_AGGRESSIVE;
				GCC_WARN_UNUSED_FUNCTION = YES;
				GCC_WARN_UNUSED_VARIABLE = YES;
				IPHONEOS_DEPLOYMENT_TARGET = 9.0;
				MTL_ENABLE_DEBUG_INFO = YES;
				ONLY_ACTIVE_ARCH = YES;
				SDKROOT = iphoneos;
			};
			name = Debug;
		};
		DA04C1B120A52BD800DA4233 /* Release */ = {
			isa = XCBuildConfiguration;
			buildSettings = {
				ALWAYS_SEARCH_USER_PATHS = NO;
				CLANG_ANALYZER_NONNULL = YES;
				CLANG_ANALYZER_NUMBER_OBJECT_CONVERSION = YES_AGGRESSIVE;
				CLANG_CXX_LANGUAGE_STANDARD = "gnu++14";
				CLANG_CXX_LIBRARY = "libc++";
				CLANG_ENABLE_MODULES = YES;
				CLANG_ENABLE_OBJC_ARC = YES;
				CLANG_WARN_BLOCK_CAPTURE_AUTORELEASING = YES;
				CLANG_WARN_BOOL_CONVERSION = YES;
				CLANG_WARN_COMMA = YES;
				CLANG_WARN_CONSTANT_CONVERSION = YES;
				CLANG_WARN_DIRECT_OBJC_ISA_USAGE = YES_ERROR;
				CLANG_WARN_DOCUMENTATION_COMMENTS = YES;
				CLANG_WARN_EMPTY_BODY = YES;
				CLANG_WARN_ENUM_CONVERSION = YES;
				CLANG_WARN_INFINITE_RECURSION = YES;
				CLANG_WARN_INT_CONVERSION = YES;
				CLANG_WARN_NON_LITERAL_NULL_CONVERSION = YES;
				CLANG_WARN_OBJC_LITERAL_CONVERSION = YES;
				CLANG_WARN_OBJC_ROOT_CLASS = YES_ERROR;
				CLANG_WARN_RANGE_LOOP_ANALYSIS = YES;
				CLANG_WARN_STRICT_PROTOTYPES = YES;
				CLANG_WARN_SUSPICIOUS_MOVE = YES;
				CLANG_WARN_UNGUARDED_AVAILABILITY = YES_AGGRESSIVE;
				CLANG_WARN_UNREACHABLE_CODE = YES;
				CLANG_WARN__DUPLICATE_METHOD_MATCH = YES;
				CODE_SIGN_IDENTITY = "iPhone Developer";
				COPY_PHASE_STRIP = NO;
				DEBUG_INFORMATION_FORMAT = "dwarf-with-dsym";
				ENABLE_NS_ASSERTIONS = NO;
				ENABLE_STRICT_OBJC_MSGSEND = YES;
				GCC_C_LANGUAGE_STANDARD = gnu11;
				GCC_NO_COMMON_BLOCKS = YES;
				GCC_WARN_64_TO_32_BIT_CONVERSION = YES;
				GCC_WARN_ABOUT_RETURN_TYPE = YES_ERROR;
				GCC_WARN_UNDECLARED_SELECTOR = YES;
				GCC_WARN_UNINITIALIZED_AUTOS = YES_AGGRESSIVE;
				GCC_WARN_UNUSED_FUNCTION = YES;
				GCC_WARN_UNUSED_VARIABLE = YES;
				IPHONEOS_DEPLOYMENT_TARGET = 9.0;
				MTL_ENABLE_DEBUG_INFO = NO;
				SDKROOT = iphoneos;
				VALIDATE_PRODUCT = YES;
			};
			name = Release;
		};
		DA04C1B320A52BD800DA4233 /* Debug */ = {
			isa = XCBuildConfiguration;
			baseConfigurationReference = 0F000AE1E9B14D68722DF093 /* Pods-daily.debug.xcconfig */;
			buildSettings = {
				ALWAYS_EMBED_SWIFT_STANDARD_LIBRARIES = YES;
				ASSETCATALOG_COMPILER_APPICON_NAME = AppIcon;
				CODE_SIGN_STYLE = Automatic;
				DEVELOPMENT_TEAM = XDJ538538B;
				GCC_PREFIX_HEADER = daily/PrefixHeader.pch;
				INFOPLIST_FILE = daily/Info.plist;
				IPHONEOS_DEPLOYMENT_TARGET = 9.0;
				LD_RUNPATH_SEARCH_PATHS = "$(inherited) @executable_path/Frameworks";
				PRODUCT_BUNDLE_IDENTIFIER = com.justek.Daily;
				PRODUCT_NAME = "$(TARGET_NAME)";
				TARGETED_DEVICE_FAMILY = "1,2";
			};
			name = Debug;
		};
		DA04C1B420A52BD800DA4233 /* Release */ = {
			isa = XCBuildConfiguration;
			baseConfigurationReference = 8CD7F6DA6F7EE25A650084CB /* Pods-daily.release.xcconfig */;
			buildSettings = {
				ALWAYS_EMBED_SWIFT_STANDARD_LIBRARIES = YES;
				ASSETCATALOG_COMPILER_APPICON_NAME = AppIcon;
				CODE_SIGN_STYLE = Automatic;
				DEVELOPMENT_TEAM = XDJ538538B;
				GCC_PREFIX_HEADER = daily/PrefixHeader.pch;
				INFOPLIST_FILE = daily/Info.plist;
				IPHONEOS_DEPLOYMENT_TARGET = 9.0;
				LD_RUNPATH_SEARCH_PATHS = "$(inherited) @executable_path/Frameworks";
				PRODUCT_BUNDLE_IDENTIFIER = com.justek.Daily;
				PRODUCT_NAME = "$(TARGET_NAME)";
				TARGETED_DEVICE_FAMILY = "1,2";
			};
			name = Release;
		};
		DA04C1B620A52BD800DA4233 /* Debug */ = {
			isa = XCBuildConfiguration;
			buildSettings = {
				BUNDLE_LOADER = "$(TEST_HOST)";
				CODE_SIGN_STYLE = Automatic;
				INFOPLIST_FILE = dailyTests/Info.plist;
				LD_RUNPATH_SEARCH_PATHS = "$(inherited) @executable_path/Frameworks @loader_path/Frameworks";
				PRODUCT_BUNDLE_IDENTIFIER = com.justek.Daily.dailyTests;
				PRODUCT_NAME = "$(TARGET_NAME)";
				TARGETED_DEVICE_FAMILY = "1,2";
				TEST_HOST = "$(BUILT_PRODUCTS_DIR)/daily.app/daily";
			};
			name = Debug;
		};
		DA04C1B720A52BD800DA4233 /* Release */ = {
			isa = XCBuildConfiguration;
			buildSettings = {
				BUNDLE_LOADER = "$(TEST_HOST)";
				CODE_SIGN_STYLE = Automatic;
				INFOPLIST_FILE = dailyTests/Info.plist;
				LD_RUNPATH_SEARCH_PATHS = "$(inherited) @executable_path/Frameworks @loader_path/Frameworks";
				PRODUCT_BUNDLE_IDENTIFIER = com.justek.Daily.dailyTests;
				PRODUCT_NAME = "$(TARGET_NAME)";
				TARGETED_DEVICE_FAMILY = "1,2";
				TEST_HOST = "$(BUILT_PRODUCTS_DIR)/daily.app/daily";
			};
			name = Release;
		};
		DA04C1B920A52BD800DA4233 /* Debug */ = {
			isa = XCBuildConfiguration;
			buildSettings = {
				CODE_SIGN_STYLE = Automatic;
				INFOPLIST_FILE = dailyUITests/Info.plist;
				LD_RUNPATH_SEARCH_PATHS = "$(inherited) @executable_path/Frameworks @loader_path/Frameworks";
				PRODUCT_BUNDLE_IDENTIFIER = com.justek.Daily.dailyUITests;
				PRODUCT_NAME = "$(TARGET_NAME)";
				TARGETED_DEVICE_FAMILY = "1,2";
				TEST_TARGET_NAME = daily;
			};
			name = Debug;
		};
		DA04C1BA20A52BD800DA4233 /* Release */ = {
			isa = XCBuildConfiguration;
			buildSettings = {
				CODE_SIGN_STYLE = Automatic;
				INFOPLIST_FILE = dailyUITests/Info.plist;
				LD_RUNPATH_SEARCH_PATHS = "$(inherited) @executable_path/Frameworks @loader_path/Frameworks";
				PRODUCT_BUNDLE_IDENTIFIER = com.justek.Daily.dailyUITests;
				PRODUCT_NAME = "$(TARGET_NAME)";
				TARGETED_DEVICE_FAMILY = "1,2";
				TEST_TARGET_NAME = daily;
			};
			name = Release;
		};
/* End XCBuildConfiguration section */

/* Begin XCConfigurationList section */
		DA04C17E20A52BD700DA4233 /* Build configuration list for PBXProject "daily" */ = {
			isa = XCConfigurationList;
			buildConfigurations = (
				DA04C1B020A52BD800DA4233 /* Debug */,
				DA04C1B120A52BD800DA4233 /* Release */,
			);
			defaultConfigurationIsVisible = 0;
			defaultConfigurationName = Release;
		};
		DA04C1B220A52BD800DA4233 /* Build configuration list for PBXNativeTarget "daily" */ = {
			isa = XCConfigurationList;
			buildConfigurations = (
				DA04C1B320A52BD800DA4233 /* Debug */,
				DA04C1B420A52BD800DA4233 /* Release */,
			);
			defaultConfigurationIsVisible = 0;
			defaultConfigurationName = Release;
		};
		DA04C1B520A52BD800DA4233 /* Build configuration list for PBXNativeTarget "dailyTests" */ = {
			isa = XCConfigurationList;
			buildConfigurations = (
				DA04C1B620A52BD800DA4233 /* Debug */,
				DA04C1B720A52BD800DA4233 /* Release */,
			);
			defaultConfigurationIsVisible = 0;
			defaultConfigurationName = Release;
		};
		DA04C1B820A52BD800DA4233 /* Build configuration list for PBXNativeTarget "dailyUITests" */ = {
			isa = XCConfigurationList;
			buildConfigurations = (
				DA04C1B920A52BD800DA4233 /* Debug */,
				DA04C1BA20A52BD800DA4233 /* Release */,
			);
			defaultConfigurationIsVisible = 0;
			defaultConfigurationName = Release;
		};
/* End XCConfigurationList section */

/* Begin XCVersionGroup section */
		DAB75CF420A99EF9007F7DA2 /* Model.xcdatamodeld */ = {
			isa = XCVersionGroup;
			children = (
				DAB75CF520A99EF9007F7DA2 /* Model.xcdatamodel */,
			);
			currentVersion = DAB75CF520A99EF9007F7DA2 /* Model.xcdatamodel */;
			path = Model.xcdatamodeld;
			sourceTree = "<group>";
			versionGroupType = wrapper.xcdatamodel;
		};
/* End XCVersionGroup section */
	};
	rootObject = DA04C17B20A52BD700DA4233 /* Project object */;
}
